// !$*UTF8*$!
{
	archiveVersion = 1;
	classes = {
	};
	objectVersion = 56;
	objects = {

/* Begin PBXBuildFile section */
		6D23BAB22A5F1001001EDFCC /* XCTestCase+MemoryLeakTracking.swift in Sources */ = {isa = PBXBuildFile; fileRef = 6D660EA22A40491600B4634B /* XCTestCase+MemoryLeakTracking.swift */; };
		6D2907652A40987A008BEEDB /* EssentialFeedAPIEndToEndTests.swift in Sources */ = {isa = PBXBuildFile; fileRef = 6D2907642A409879008BEEDB /* EssentialFeedAPIEndToEndTests.swift */; };
		6D2907662A40987A008BEEDB /* EssentialFeed.framework in Frameworks */ = {isa = PBXBuildFile; fileRef = 6D4CA60129A0F001005CAE81 /* EssentialFeed.framework */; };
		6D29076C2A40A6D1008BEEDB /* XCTestCase+MemoryLeakTracking.swift in Sources */ = {isa = PBXBuildFile; fileRef = 6D660EA22A40491600B4634B /* XCTestCase+MemoryLeakTracking.swift */; };
		6D3717EB2A4EECD80091C299 /* FeedStoreSpecs.swift in Sources */ = {isa = PBXBuildFile; fileRef = 6D3717EA2A4EECD80091C299 /* FeedStoreSpecs.swift */; };
		6D3717ED2A4EED250091C299 /* XCTestCase+FeedStoreSpecs.swift in Sources */ = {isa = PBXBuildFile; fileRef = 6D3717EC2A4EED250091C299 /* XCTestCase+FeedStoreSpecs.swift */; };
		6D415B1D2A8E3A720061FDF5 /* FeedSnapshotTests.swift in Sources */ = {isa = PBXBuildFile; fileRef = 6D415B1C2A8E3A720061FDF5 /* FeedSnapshotTests.swift */; };
		6D415B202A8E3E740061FDF5 /* UIImage+TestHelpers.swift in Sources */ = {isa = PBXBuildFile; fileRef = 6D415B1F2A8E3E740061FDF5 /* UIImage+TestHelpers.swift */; };
		6D415B222A8E41160061FDF5 /* UITableView+HeaderSizing.swift in Sources */ = {isa = PBXBuildFile; fileRef = 6D415B212A8E41160061FDF5 /* UITableView+HeaderSizing.swift */; };
		6D4639972A4886B9007F0CE1 /* LocalFeedImage.swift in Sources */ = {isa = PBXBuildFile; fileRef = 6D4639962A4886B9007F0CE1 /* LocalFeedImage.swift */; };
		6D4639992A48924A007F0CE1 /* LoadFeedFromCacheUseCaseTests.swift in Sources */ = {isa = PBXBuildFile; fileRef = 6D4639982A48924A007F0CE1 /* LoadFeedFromCacheUseCaseTests.swift */; };
		6D46399C2A489696007F0CE1 /* FeedStoreSpy.swift in Sources */ = {isa = PBXBuildFile; fileRef = 6D46399B2A489696007F0CE1 /* FeedStoreSpy.swift */; };
		6D4CA60A29A0F001005CAE81 /* EssentialFeed.framework in Frameworks */ = {isa = PBXBuildFile; fileRef = 6D4CA60129A0F001005CAE81 /* EssentialFeed.framework */; };
		6D4CA61A29A0F1BF005CAE81 /* FeedImage.swift in Sources */ = {isa = PBXBuildFile; fileRef = 6D4CA61929A0F1BF005CAE81 /* FeedImage.swift */; };
		6D4CA61C29A0F38E005CAE81 /* FeedLoader.swift in Sources */ = {isa = PBXBuildFile; fileRef = 6D4CA61B29A0F38E005CAE81 /* FeedLoader.swift */; };
		6D4CA61F29A12EA5005CAE81 /* FeedItemsMapperTests.swift in Sources */ = {isa = PBXBuildFile; fileRef = 6D4CA61E29A12EA5005CAE81 /* FeedItemsMapperTests.swift */; };
		6D5494D22A821F2D0016BEA9 /* LoadFeedImageDataFromCacheUseCaseTests.swift in Sources */ = {isa = PBXBuildFile; fileRef = 6D5494D12A821F2D0016BEA9 /* LoadFeedImageDataFromCacheUseCaseTests.swift */; };
		6D5494D42A823B170016BEA9 /* FeedImageDataStore.swift in Sources */ = {isa = PBXBuildFile; fileRef = 6D5494D32A823B170016BEA9 /* FeedImageDataStore.swift */; };
		6D5494D62A823B5F0016BEA9 /* LocalFeedImageDataLoader.swift in Sources */ = {isa = PBXBuildFile; fileRef = 6D5494D52A823B5F0016BEA9 /* LocalFeedImageDataLoader.swift */; };
		6D5494D82A8241D40016BEA9 /* FeedImageDataStoreSpy.swift in Sources */ = {isa = PBXBuildFile; fileRef = 6D5494D72A8241D40016BEA9 /* FeedImageDataStoreSpy.swift */; };
		6D5494DA2A8242F20016BEA9 /* CacheFeedImageDataUseCaseTests.swift in Sources */ = {isa = PBXBuildFile; fileRef = 6D5494D92A8242F20016BEA9 /* CacheFeedImageDataUseCaseTests.swift */; };
		6D5494DC2A8246FF0016BEA9 /* CoreDataFeedImageDataStoreTests.swift in Sources */ = {isa = PBXBuildFile; fileRef = 6D5494DB2A8246FF0016BEA9 /* CoreDataFeedImageDataStoreTests.swift */; };
		6D5494DF2A824E8D0016BEA9 /* CoreDataFeedStore+FeedImageDataLoader.swift in Sources */ = {isa = PBXBuildFile; fileRef = 6D5494DE2A824E8D0016BEA9 /* CoreDataFeedStore+FeedImageDataLoader.swift */; };
		6D5494E12A827DAD0016BEA9 /* CoreDataFeedStore+FeedStore.swift in Sources */ = {isa = PBXBuildFile; fileRef = 6D5494E02A827DAD0016BEA9 /* CoreDataFeedStore+FeedStore.swift */; };
		6D6419EE2A55CEA800B43182 /* XCTestCase+MemoryLeakTracking.swift in Sources */ = {isa = PBXBuildFile; fileRef = 6D660EA22A40491600B4634B /* XCTestCase+MemoryLeakTracking.swift */; };
		6D6419EF2A55D16900B43182 /* FeedCacheTestHelpers.swift in Sources */ = {isa = PBXBuildFile; fileRef = 6D9977BB2A4D8B0200F63DA3 /* FeedCacheTestHelpers.swift */; };
		6D6419F02A55D18E00B43182 /* SharedTestHelpers.swift in Sources */ = {isa = PBXBuildFile; fileRef = 6D9977BD2A4D8BA500F63DA3 /* SharedTestHelpers.swift */; };
		6D660EA32A40491600B4634B /* XCTestCase+MemoryLeakTracking.swift in Sources */ = {isa = PBXBuildFile; fileRef = 6D660EA22A40491600B4634B /* XCTestCase+MemoryLeakTracking.swift */; };
		6D660EA52A406E9F00B4634B /* URLSessionHTTPClient.swift in Sources */ = {isa = PBXBuildFile; fileRef = 6D660EA42A406E9F00B4634B /* URLSessionHTTPClient.swift */; };
		6D66CF842AB0645000990143 /* ImageCommentsMapperTests.swift in Sources */ = {isa = PBXBuildFile; fileRef = 6D66CF832AB0645000990143 /* ImageCommentsMapperTests.swift */; };
		6D66CF882AB0682C00990143 /* ImageCommentsMapper.swift in Sources */ = {isa = PBXBuildFile; fileRef = 6D66CF872AB0682C00990143 /* ImageCommentsMapper.swift */; };
		6D66CF8B2AB06EFA00990143 /* ImageComment.swift in Sources */ = {isa = PBXBuildFile; fileRef = 6D66CF8A2AB06EFA00990143 /* ImageComment.swift */; };
		6D66CF942AB098DA00990143 /* RemoteLoaderTests.swift in Sources */ = {isa = PBXBuildFile; fileRef = 6D66CF932AB098DA00990143 /* RemoteLoaderTests.swift */; };
		6D66CF962AB0996500990143 /* RemoteLoader.swift in Sources */ = {isa = PBXBuildFile; fileRef = 6D66CF952AB0996500990143 /* RemoteLoader.swift */; };
		6D6B49092A790EE3005E0044 /* FeedImagePresenterTests.swift in Sources */ = {isa = PBXBuildFile; fileRef = 6D6B49082A790EE3005E0044 /* FeedImagePresenterTests.swift */; };
		6D6B490B2A79149B005E0044 /* FeedImagePresenter.swift in Sources */ = {isa = PBXBuildFile; fileRef = 6D6B490A2A79149B005E0044 /* FeedImagePresenter.swift */; };
		6D6B490D2A791572005E0044 /* FeedImageViewModel.swift in Sources */ = {isa = PBXBuildFile; fileRef = 6D6B490C2A791572005E0044 /* FeedImageViewModel.swift */; };
		6D70B3282A5FFD5100F30472 /* FeedViewController.swift in Sources */ = {isa = PBXBuildFile; fileRef = 6D70B3272A5FFD5100F30472 /* FeedViewController.swift */; };
		6D70B32A2A600C1300F30472 /* FeedImageCell.swift in Sources */ = {isa = PBXBuildFile; fileRef = 6D70B3292A600C1300F30472 /* FeedImageCell.swift */; };
		6D70B32C2A604A7100F30472 /* UIView+Shimmering.swift in Sources */ = {isa = PBXBuildFile; fileRef = 6D70B32B2A604A7100F30472 /* UIView+Shimmering.swift */; };
		6D7645962A769319002CB391 /* Feed.storyboard in Resources */ = {isa = PBXBuildFile; fileRef = 6D7645952A769319002CB391 /* Feed.storyboard */; };
		6D7645982A769422002CB391 /* Feed.xcassets in Resources */ = {isa = PBXBuildFile; fileRef = 6D7645972A769422002CB391 /* Feed.xcassets */; };
		6D76459A2A76A8C6002CB391 /* UITableView+Dequeueing.swift in Sources */ = {isa = PBXBuildFile; fileRef = 6D7645992A76A8C6002CB391 /* UITableView+Dequeueing.swift */; };
		6D76459C2A76AA74002CB391 /* UIImageView+Animations.swift in Sources */ = {isa = PBXBuildFile; fileRef = 6D76459B2A76AA74002CB391 /* UIImageView+Animations.swift */; };
		6D769AAA2A42FD10003F2D60 /* CacheFeedUseCaseTests.swift in Sources */ = {isa = PBXBuildFile; fileRef = 6D769AA92A42FD10003F2D60 /* CacheFeedUseCaseTests.swift */; };
		6D7C6E912A62DCE10056CB88 /* FeedImageCellController.swift in Sources */ = {isa = PBXBuildFile; fileRef = 6D7C6E902A62DCE10056CB88 /* FeedImageCellController.swift */; };
		6D8298322A5ED3C000C3E84D /* EssentialFeediOS.framework in Frameworks */ = {isa = PBXBuildFile; fileRef = 6D82982A2A5ED3C000C3E84D /* EssentialFeediOS.framework */; };
		6D85C4B12A80E38400581213 /* FeedImageDataLoader.swift in Sources */ = {isa = PBXBuildFile; fileRef = 6D7C6E8C2A62D0090056CB88 /* FeedImageDataLoader.swift */; };
		6D85C4B32A80E42700581213 /* LoadFeedImageDataFromRemoteUseCaseTests.swift in Sources */ = {isa = PBXBuildFile; fileRef = 6D85C4B22A80E42700581213 /* LoadFeedImageDataFromRemoteUseCaseTests.swift */; };
		6D85C4B62A81538400581213 /* HTTPClientSpy.swift in Sources */ = {isa = PBXBuildFile; fileRef = 6D85C4B52A81538400581213 /* HTTPClientSpy.swift */; };
		6D85C4B82A81555D00581213 /* RemoteFeedImageDataLoader.swift in Sources */ = {isa = PBXBuildFile; fileRef = 6D85C4B72A81555D00581213 /* RemoteFeedImageDataLoader.swift */; };
		6D85C4BB2A815DC500581213 /* HTTPURLResponse+StatusCode.swift in Sources */ = {isa = PBXBuildFile; fileRef = 6D85C4BA2A815DC500581213 /* HTTPURLResponse+StatusCode.swift */; };
		6D85C4BD2A815EB900581213 /* URLProtocolStub.swift in Sources */ = {isa = PBXBuildFile; fileRef = 6D85C4BC2A815EB900581213 /* URLProtocolStub.swift */; };
		6D8BC8A12A55A27900CD29E3 /* CoreDataFeedStoreTests.swift in Sources */ = {isa = PBXBuildFile; fileRef = 6D8BC8A02A55A27900CD29E3 /* CoreDataFeedStoreTests.swift */; };
		6D8BC8A42A55A4C500CD29E3 /* FeedStore.xcdatamodeld in Sources */ = {isa = PBXBuildFile; fileRef = 6D8BC8A22A55A4C500CD29E3 /* FeedStore.xcdatamodeld */; };
		6D8BC8A62A55A82400CD29E3 /* CoreDataFeedStore.swift in Sources */ = {isa = PBXBuildFile; fileRef = 6D8BC8A52A55A82400CD29E3 /* CoreDataFeedStore.swift */; };
		6D8BC8AB2A55BB5500CD29E3 /* CoreDataHelpers.swift in Sources */ = {isa = PBXBuildFile; fileRef = 6D8BC8AA2A55BB5500CD29E3 /* CoreDataHelpers.swift */; };
		6D8BC8AD2A55BBDA00CD29E3 /* ManagedCache.swift in Sources */ = {isa = PBXBuildFile; fileRef = 6D8BC8AC2A55BBDA00CD29E3 /* ManagedCache.swift */; };
		6D8BC8AF2A55BC0200CD29E3 /* ManagedFeedImage.swift in Sources */ = {isa = PBXBuildFile; fileRef = 6D8BC8AE2A55BC0200CD29E3 /* ManagedFeedImage.swift */; };
		6D8BC8B72A55CABF00CD29E3 /* EssentialFeedCacheIntegrationTests.swift in Sources */ = {isa = PBXBuildFile; fileRef = 6D8BC8B62A55CABF00CD29E3 /* EssentialFeedCacheIntegrationTests.swift */; };
		6D8BC8B82A55CABF00CD29E3 /* EssentialFeed.framework in Frameworks */ = {isa = PBXBuildFile; fileRef = 6D4CA60129A0F001005CAE81 /* EssentialFeed.framework */; };
		6D9116F42A77EA5A0070CF1F /* ErrorView.swift in Sources */ = {isa = PBXBuildFile; fileRef = 6D9116F32A77EA5A0070CF1F /* ErrorView.swift */; };
		6D9116F92A77F3540070CF1F /* UIRefreshControl+Helpers.swift in Sources */ = {isa = PBXBuildFile; fileRef = 6D9116F82A77F3540070CF1F /* UIRefreshControl+Helpers.swift */; };
		6D9116FC2A7800210070CF1F /* FeedPresenterTests.swift in Sources */ = {isa = PBXBuildFile; fileRef = 6D9116FB2A7800210070CF1F /* FeedPresenterTests.swift */; };
		6D9117062A78110E0070CF1F /* FeedPresenter.swift in Sources */ = {isa = PBXBuildFile; fileRef = 6D9117052A78110E0070CF1F /* FeedPresenter.swift */; };
		6D9117072A78128D0070CF1F /* Feed.strings in Resources */ = {isa = PBXBuildFile; fileRef = 6D9117012A780F160070CF1F /* Feed.strings */; };
		6D91170B2A78131C0070CF1F /* FeedViewModel.swift in Sources */ = {isa = PBXBuildFile; fileRef = 6D91170A2A78131C0070CF1F /* FeedViewModel.swift */; };
		6D91170D2A78136F0070CF1F /* FeedLoadingViewModel.swift in Sources */ = {isa = PBXBuildFile; fileRef = 6D91170C2A78136F0070CF1F /* FeedLoadingViewModel.swift */; };
		6D91170F2A7813A20070CF1F /* FeedErrorViewModel.swift in Sources */ = {isa = PBXBuildFile; fileRef = 6D91170E2A7813A20070CF1F /* FeedErrorViewModel.swift */; };
		6D9117102A78165A0070CF1F /* FeedLocalizationTests.swift in Sources */ = {isa = PBXBuildFile; fileRef = 6D9116E72A77B87D0070CF1F /* FeedLocalizationTests.swift */; };
		6D9459432A8A4B7B0072DFFC /* FeedImageDataCache.swift in Sources */ = {isa = PBXBuildFile; fileRef = 6D9459422A8A4B7B0072DFFC /* FeedImageDataCache.swift */; };
		6D948DE22A87DB27006C89F8 /* FeedCache.swift in Sources */ = {isa = PBXBuildFile; fileRef = 6D948DE12A87DB27006C89F8 /* FeedCache.swift */; };
		6D9977BA2A4D862500F63DA3 /* ValidateFeedCacheUseCaseTests.swift in Sources */ = {isa = PBXBuildFile; fileRef = 6D9977B92A4D862500F63DA3 /* ValidateFeedCacheUseCaseTests.swift */; };
		6D9977BC2A4D8B0200F63DA3 /* FeedCacheTestHelpers.swift in Sources */ = {isa = PBXBuildFile; fileRef = 6D9977BB2A4D8B0200F63DA3 /* FeedCacheTestHelpers.swift */; };
		6D9977BE2A4D8BA500F63DA3 /* SharedTestHelpers.swift in Sources */ = {isa = PBXBuildFile; fileRef = 6D9977BD2A4D8BA500F63DA3 /* SharedTestHelpers.swift */; };
		6D9977C02A4D9B3900F63DA3 /* FeedCachePolicy.swift in Sources */ = {isa = PBXBuildFile; fileRef = 6D9977BF2A4D9B3900F63DA3 /* FeedCachePolicy.swift */; };
		6DB82BA52A0576F30005EFA3 /* URLSessionHTTPClientTests.swift in Sources */ = {isa = PBXBuildFile; fileRef = 6DB82BA42A0576F30005EFA3 /* URLSessionHTTPClientTests.swift */; };
		6DB830A72A45D93D00BDC45B /* LocalFeedLoader.swift in Sources */ = {isa = PBXBuildFile; fileRef = 6DB830A62A45D93D00BDC45B /* LocalFeedLoader.swift */; };
		6DB830A92A45D9D300BDC45B /* FeedStore.swift in Sources */ = {isa = PBXBuildFile; fileRef = 6DB830A82A45D9D300BDC45B /* FeedStore.swift */; };
		6DEE43B82A5F08BC0082525B /* EssentialFeed.framework in Frameworks */ = {isa = PBXBuildFile; fileRef = 6D4CA60129A0F001005CAE81 /* EssentialFeed.framework */; };
		6DF1DFC029E06BB300EE56C2 /* HTTPClient.swift in Sources */ = {isa = PBXBuildFile; fileRef = 6DF1DFBF29E06BB300EE56C2 /* HTTPClient.swift */; };
		6DF1DFC229E06C3600EE56C2 /* FeedItemsMapper.swift in Sources */ = {isa = PBXBuildFile; fileRef = 6DF1DFC129E06C3600EE56C2 /* FeedItemsMapper.swift */; };
/* End PBXBuildFile section */

/* Begin PBXContainerItemProxy section */
		6D2907672A40987A008BEEDB /* PBXContainerItemProxy */ = {
			isa = PBXContainerItemProxy;
			containerPortal = 6D4CA5F829A0F001005CAE81 /* Project object */;
			proxyType = 1;
			remoteGlobalIDString = 6D4CA60029A0F001005CAE81;
			remoteInfo = EssentialFeed;
		};
		6D4CA60B29A0F001005CAE81 /* PBXContainerItemProxy */ = {
			isa = PBXContainerItemProxy;
			containerPortal = 6D4CA5F829A0F001005CAE81 /* Project object */;
			proxyType = 1;
			remoteGlobalIDString = 6D4CA60029A0F001005CAE81;
			remoteInfo = EssentialFeed;
		};
		6D8298332A5ED3C000C3E84D /* PBXContainerItemProxy */ = {
			isa = PBXContainerItemProxy;
			containerPortal = 6D4CA5F829A0F001005CAE81 /* Project object */;
			proxyType = 1;
			remoteGlobalIDString = 6D8298292A5ED3C000C3E84D;
			remoteInfo = EssentialFeediOS;
		};
		6D8BC8B92A55CABF00CD29E3 /* PBXContainerItemProxy */ = {
			isa = PBXContainerItemProxy;
			containerPortal = 6D4CA5F829A0F001005CAE81 /* Project object */;
			proxyType = 1;
			remoteGlobalIDString = 6D4CA60029A0F001005CAE81;
			remoteInfo = EssentialFeed;
		};
/* End PBXContainerItemProxy section */

/* Begin PBXFileReference section */
		6D2907622A409879008BEEDB /* EssentialFeedAPIEndToEndTests.xctest */ = {isa = PBXFileReference; explicitFileType = wrapper.cfbundle; includeInIndex = 0; path = EssentialFeedAPIEndToEndTests.xctest; sourceTree = BUILT_PRODUCTS_DIR; };
		6D2907642A409879008BEEDB /* EssentialFeedAPIEndToEndTests.swift */ = {isa = PBXFileReference; lastKnownFileType = sourcecode.swift; path = EssentialFeedAPIEndToEndTests.swift; sourceTree = "<group>"; };
		6D29076D2A40A883008BEEDB /* CI_macOS.xctestplan */ = {isa = PBXFileReference; lastKnownFileType = text; path = CI_macOS.xctestplan; sourceTree = "<group>"; };
		6D3717EA2A4EECD80091C299 /* FeedStoreSpecs.swift */ = {isa = PBXFileReference; lastKnownFileType = sourcecode.swift; path = FeedStoreSpecs.swift; sourceTree = "<group>"; };
		6D3717EC2A4EED250091C299 /* XCTestCase+FeedStoreSpecs.swift */ = {isa = PBXFileReference; lastKnownFileType = sourcecode.swift; path = "XCTestCase+FeedStoreSpecs.swift"; sourceTree = "<group>"; };
		6D415B1C2A8E3A720061FDF5 /* FeedSnapshotTests.swift */ = {isa = PBXFileReference; lastKnownFileType = sourcecode.swift; path = FeedSnapshotTests.swift; sourceTree = "<group>"; };
		6D415B1F2A8E3E740061FDF5 /* UIImage+TestHelpers.swift */ = {isa = PBXFileReference; fileEncoding = 4; lastKnownFileType = sourcecode.swift; path = "UIImage+TestHelpers.swift"; sourceTree = "<group>"; };
		6D415B212A8E41160061FDF5 /* UITableView+HeaderSizing.swift */ = {isa = PBXFileReference; lastKnownFileType = sourcecode.swift; path = "UITableView+HeaderSizing.swift"; sourceTree = "<group>"; };
		6D4639962A4886B9007F0CE1 /* LocalFeedImage.swift */ = {isa = PBXFileReference; lastKnownFileType = sourcecode.swift; path = LocalFeedImage.swift; sourceTree = "<group>"; };
		6D4639982A48924A007F0CE1 /* LoadFeedFromCacheUseCaseTests.swift */ = {isa = PBXFileReference; lastKnownFileType = sourcecode.swift; path = LoadFeedFromCacheUseCaseTests.swift; sourceTree = "<group>"; };
		6D46399B2A489696007F0CE1 /* FeedStoreSpy.swift */ = {isa = PBXFileReference; lastKnownFileType = sourcecode.swift; path = FeedStoreSpy.swift; sourceTree = "<group>"; };
		6D4CA60129A0F001005CAE81 /* EssentialFeed.framework */ = {isa = PBXFileReference; explicitFileType = wrapper.framework; includeInIndex = 0; path = EssentialFeed.framework; sourceTree = BUILT_PRODUCTS_DIR; };
		6D4CA60929A0F001005CAE81 /* EssentialFeedTests.xctest */ = {isa = PBXFileReference; explicitFileType = wrapper.cfbundle; includeInIndex = 0; path = EssentialFeedTests.xctest; sourceTree = BUILT_PRODUCTS_DIR; };
		6D4CA61929A0F1BF005CAE81 /* FeedImage.swift */ = {isa = PBXFileReference; lastKnownFileType = sourcecode.swift; path = FeedImage.swift; sourceTree = "<group>"; };
		6D4CA61B29A0F38E005CAE81 /* FeedLoader.swift */ = {isa = PBXFileReference; lastKnownFileType = sourcecode.swift; path = FeedLoader.swift; sourceTree = "<group>"; };
		6D4CA61E29A12EA5005CAE81 /* FeedItemsMapperTests.swift */ = {isa = PBXFileReference; lastKnownFileType = sourcecode.swift; path = FeedItemsMapperTests.swift; sourceTree = "<group>"; };
		6D5494D12A821F2D0016BEA9 /* LoadFeedImageDataFromCacheUseCaseTests.swift */ = {isa = PBXFileReference; lastKnownFileType = sourcecode.swift; path = LoadFeedImageDataFromCacheUseCaseTests.swift; sourceTree = "<group>"; };
		6D5494D32A823B170016BEA9 /* FeedImageDataStore.swift */ = {isa = PBXFileReference; lastKnownFileType = sourcecode.swift; path = FeedImageDataStore.swift; sourceTree = "<group>"; };
		6D5494D52A823B5F0016BEA9 /* LocalFeedImageDataLoader.swift */ = {isa = PBXFileReference; lastKnownFileType = sourcecode.swift; path = LocalFeedImageDataLoader.swift; sourceTree = "<group>"; };
		6D5494D72A8241D40016BEA9 /* FeedImageDataStoreSpy.swift */ = {isa = PBXFileReference; lastKnownFileType = sourcecode.swift; path = FeedImageDataStoreSpy.swift; sourceTree = "<group>"; };
		6D5494D92A8242F20016BEA9 /* CacheFeedImageDataUseCaseTests.swift */ = {isa = PBXFileReference; lastKnownFileType = sourcecode.swift; path = CacheFeedImageDataUseCaseTests.swift; sourceTree = "<group>"; };
		6D5494DB2A8246FF0016BEA9 /* CoreDataFeedImageDataStoreTests.swift */ = {isa = PBXFileReference; lastKnownFileType = sourcecode.swift; path = CoreDataFeedImageDataStoreTests.swift; sourceTree = "<group>"; };
		6D5494DD2A824D060016BEA9 /* FeedStore 2.xcdatamodel */ = {isa = PBXFileReference; lastKnownFileType = wrapper.xcdatamodel; path = "FeedStore 2.xcdatamodel"; sourceTree = "<group>"; };
		6D5494DE2A824E8D0016BEA9 /* CoreDataFeedStore+FeedImageDataLoader.swift */ = {isa = PBXFileReference; lastKnownFileType = sourcecode.swift; path = "CoreDataFeedStore+FeedImageDataLoader.swift"; sourceTree = "<group>"; };
		6D5494E02A827DAD0016BEA9 /* CoreDataFeedStore+FeedStore.swift */ = {isa = PBXFileReference; lastKnownFileType = sourcecode.swift; path = "CoreDataFeedStore+FeedStore.swift"; sourceTree = "<group>"; };
		6D660EA22A40491600B4634B /* XCTestCase+MemoryLeakTracking.swift */ = {isa = PBXFileReference; lastKnownFileType = sourcecode.swift; path = "XCTestCase+MemoryLeakTracking.swift"; sourceTree = "<group>"; };
		6D660EA42A406E9F00B4634B /* URLSessionHTTPClient.swift */ = {isa = PBXFileReference; lastKnownFileType = sourcecode.swift; path = URLSessionHTTPClient.swift; sourceTree = "<group>"; };
		6D660EA62A40958300B4634B /* EssentialFeed.xctestplan */ = {isa = PBXFileReference; lastKnownFileType = text; path = EssentialFeed.xctestplan; sourceTree = "<group>"; };
		6D66CF832AB0645000990143 /* ImageCommentsMapperTests.swift */ = {isa = PBXFileReference; lastKnownFileType = sourcecode.swift; path = ImageCommentsMapperTests.swift; sourceTree = "<group>"; };
		6D66CF872AB0682C00990143 /* ImageCommentsMapper.swift */ = {isa = PBXFileReference; lastKnownFileType = sourcecode.swift; path = ImageCommentsMapper.swift; sourceTree = "<group>"; };
		6D66CF8A2AB06EFA00990143 /* ImageComment.swift */ = {isa = PBXFileReference; lastKnownFileType = sourcecode.swift; path = ImageComment.swift; sourceTree = "<group>"; };
		6D66CF932AB098DA00990143 /* RemoteLoaderTests.swift */ = {isa = PBXFileReference; lastKnownFileType = sourcecode.swift; path = RemoteLoaderTests.swift; sourceTree = "<group>"; };
		6D66CF952AB0996500990143 /* RemoteLoader.swift */ = {isa = PBXFileReference; lastKnownFileType = sourcecode.swift; path = RemoteLoader.swift; sourceTree = "<group>"; };
		6D6B49082A790EE3005E0044 /* FeedImagePresenterTests.swift */ = {isa = PBXFileReference; lastKnownFileType = sourcecode.swift; path = FeedImagePresenterTests.swift; sourceTree = "<group>"; };
		6D6B490A2A79149B005E0044 /* FeedImagePresenter.swift */ = {isa = PBXFileReference; lastKnownFileType = sourcecode.swift; path = FeedImagePresenter.swift; sourceTree = "<group>"; };
		6D6B490C2A791572005E0044 /* FeedImageViewModel.swift */ = {isa = PBXFileReference; lastKnownFileType = sourcecode.swift; path = FeedImageViewModel.swift; sourceTree = "<group>"; };
		6D70B3272A5FFD5100F30472 /* FeedViewController.swift */ = {isa = PBXFileReference; lastKnownFileType = sourcecode.swift; path = FeedViewController.swift; sourceTree = "<group>"; };
		6D70B3292A600C1300F30472 /* FeedImageCell.swift */ = {isa = PBXFileReference; lastKnownFileType = sourcecode.swift; path = FeedImageCell.swift; sourceTree = "<group>"; };
		6D70B32B2A604A7100F30472 /* UIView+Shimmering.swift */ = {isa = PBXFileReference; lastKnownFileType = sourcecode.swift; path = "UIView+Shimmering.swift"; sourceTree = "<group>"; };
		6D7645952A769319002CB391 /* Feed.storyboard */ = {isa = PBXFileReference; lastKnownFileType = file.storyboard; path = Feed.storyboard; sourceTree = "<group>"; };
		6D7645972A769422002CB391 /* Feed.xcassets */ = {isa = PBXFileReference; lastKnownFileType = folder.assetcatalog; path = Feed.xcassets; sourceTree = "<group>"; };
		6D7645992A76A8C6002CB391 /* UITableView+Dequeueing.swift */ = {isa = PBXFileReference; lastKnownFileType = sourcecode.swift; path = "UITableView+Dequeueing.swift"; sourceTree = "<group>"; };
		6D76459B2A76AA74002CB391 /* UIImageView+Animations.swift */ = {isa = PBXFileReference; lastKnownFileType = sourcecode.swift; path = "UIImageView+Animations.swift"; sourceTree = "<group>"; };
		6D769AA92A42FD10003F2D60 /* CacheFeedUseCaseTests.swift */ = {isa = PBXFileReference; lastKnownFileType = sourcecode.swift; path = CacheFeedUseCaseTests.swift; sourceTree = "<group>"; };
		6D7C6E8C2A62D0090056CB88 /* FeedImageDataLoader.swift */ = {isa = PBXFileReference; lastKnownFileType = sourcecode.swift; path = FeedImageDataLoader.swift; sourceTree = "<group>"; };
		6D7C6E902A62DCE10056CB88 /* FeedImageCellController.swift */ = {isa = PBXFileReference; lastKnownFileType = sourcecode.swift; path = FeedImageCellController.swift; sourceTree = "<group>"; };
		6D8297F02A5EC5FC00C3E84D /* EssentialFeedAPIEndToEndTests.xctestplan */ = {isa = PBXFileReference; lastKnownFileType = text; path = EssentialFeedAPIEndToEndTests.xctestplan; sourceTree = "<group>"; };
		6D82982A2A5ED3C000C3E84D /* EssentialFeediOS.framework */ = {isa = PBXFileReference; explicitFileType = wrapper.framework; includeInIndex = 0; path = EssentialFeediOS.framework; sourceTree = BUILT_PRODUCTS_DIR; };
		6D8298312A5ED3C000C3E84D /* EssentialFeediOSTests.xctest */ = {isa = PBXFileReference; explicitFileType = wrapper.cfbundle; includeInIndex = 0; path = EssentialFeediOSTests.xctest; sourceTree = BUILT_PRODUCTS_DIR; };
		6D82983F2A5ED67E00C3E84D /* EssentialFeediOS.xctestplan */ = {isa = PBXFileReference; lastKnownFileType = text; path = EssentialFeediOS.xctestplan; sourceTree = "<group>"; };
		6D85C4B22A80E42700581213 /* LoadFeedImageDataFromRemoteUseCaseTests.swift */ = {isa = PBXFileReference; lastKnownFileType = sourcecode.swift; path = LoadFeedImageDataFromRemoteUseCaseTests.swift; sourceTree = "<group>"; };
		6D85C4B52A81538400581213 /* HTTPClientSpy.swift */ = {isa = PBXFileReference; lastKnownFileType = sourcecode.swift; path = HTTPClientSpy.swift; sourceTree = "<group>"; };
		6D85C4B72A81555D00581213 /* RemoteFeedImageDataLoader.swift */ = {isa = PBXFileReference; lastKnownFileType = sourcecode.swift; path = RemoteFeedImageDataLoader.swift; sourceTree = "<group>"; };
		6D85C4BA2A815DC500581213 /* HTTPURLResponse+StatusCode.swift */ = {isa = PBXFileReference; lastKnownFileType = sourcecode.swift; path = "HTTPURLResponse+StatusCode.swift"; sourceTree = "<group>"; };
		6D85C4BC2A815EB900581213 /* URLProtocolStub.swift */ = {isa = PBXFileReference; lastKnownFileType = sourcecode.swift; path = URLProtocolStub.swift; sourceTree = "<group>"; };
		6D8BC8A02A55A27900CD29E3 /* CoreDataFeedStoreTests.swift */ = {isa = PBXFileReference; lastKnownFileType = sourcecode.swift; path = CoreDataFeedStoreTests.swift; sourceTree = "<group>"; };
		6D8BC8A32A55A4C500CD29E3 /* FeedStore.xcdatamodel */ = {isa = PBXFileReference; lastKnownFileType = wrapper.xcdatamodel; path = FeedStore.xcdatamodel; sourceTree = "<group>"; };
		6D8BC8A52A55A82400CD29E3 /* CoreDataFeedStore.swift */ = {isa = PBXFileReference; lastKnownFileType = sourcecode.swift; path = CoreDataFeedStore.swift; sourceTree = "<group>"; };
		6D8BC8AA2A55BB5500CD29E3 /* CoreDataHelpers.swift */ = {isa = PBXFileReference; lastKnownFileType = sourcecode.swift; path = CoreDataHelpers.swift; sourceTree = "<group>"; };
		6D8BC8AC2A55BBDA00CD29E3 /* ManagedCache.swift */ = {isa = PBXFileReference; lastKnownFileType = sourcecode.swift; path = ManagedCache.swift; sourceTree = "<group>"; };
		6D8BC8AE2A55BC0200CD29E3 /* ManagedFeedImage.swift */ = {isa = PBXFileReference; lastKnownFileType = sourcecode.swift; path = ManagedFeedImage.swift; sourceTree = "<group>"; };
		6D8BC8B42A55CABF00CD29E3 /* EssentialFeedCacheIntegrationTests.xctest */ = {isa = PBXFileReference; explicitFileType = wrapper.cfbundle; includeInIndex = 0; path = EssentialFeedCacheIntegrationTests.xctest; sourceTree = BUILT_PRODUCTS_DIR; };
		6D8BC8B62A55CABF00CD29E3 /* EssentialFeedCacheIntegrationTests.swift */ = {isa = PBXFileReference; lastKnownFileType = sourcecode.swift; path = EssentialFeedCacheIntegrationTests.swift; sourceTree = "<group>"; };
		6D8BC8BE2A55CB0200CD29E3 /* EssentialFeedCacheIntegrationTests.xctestplan */ = {isa = PBXFileReference; lastKnownFileType = text; path = EssentialFeedCacheIntegrationTests.xctestplan; sourceTree = "<group>"; };
		6D9116E72A77B87D0070CF1F /* FeedLocalizationTests.swift */ = {isa = PBXFileReference; lastKnownFileType = sourcecode.swift; path = FeedLocalizationTests.swift; sourceTree = "<group>"; };
		6D9116F32A77EA5A0070CF1F /* ErrorView.swift */ = {isa = PBXFileReference; lastKnownFileType = sourcecode.swift; path = ErrorView.swift; sourceTree = "<group>"; };
		6D9116F82A77F3540070CF1F /* UIRefreshControl+Helpers.swift */ = {isa = PBXFileReference; lastKnownFileType = sourcecode.swift; path = "UIRefreshControl+Helpers.swift"; sourceTree = "<group>"; };
		6D9116FB2A7800210070CF1F /* FeedPresenterTests.swift */ = {isa = PBXFileReference; lastKnownFileType = sourcecode.swift; path = FeedPresenterTests.swift; sourceTree = "<group>"; };
		6D9117002A780F160070CF1F /* en */ = {isa = PBXFileReference; lastKnownFileType = text.plist.strings; name = en; path = en.lproj/Feed.strings; sourceTree = "<group>"; };
		6D9117022A780F170070CF1F /* el */ = {isa = PBXFileReference; lastKnownFileType = text.plist.strings; name = el; path = el.lproj/Feed.strings; sourceTree = "<group>"; };
		6D9117032A780F180070CF1F /* pt-BR */ = {isa = PBXFileReference; lastKnownFileType = text.plist.strings; name = "pt-BR"; path = "pt-BR.lproj/Feed.strings"; sourceTree = "<group>"; };
		6D9117052A78110E0070CF1F /* FeedPresenter.swift */ = {isa = PBXFileReference; lastKnownFileType = sourcecode.swift; path = FeedPresenter.swift; sourceTree = "<group>"; };
		6D91170A2A78131C0070CF1F /* FeedViewModel.swift */ = {isa = PBXFileReference; lastKnownFileType = sourcecode.swift; path = FeedViewModel.swift; sourceTree = "<group>"; };
		6D91170C2A78136F0070CF1F /* FeedLoadingViewModel.swift */ = {isa = PBXFileReference; lastKnownFileType = sourcecode.swift; path = FeedLoadingViewModel.swift; sourceTree = "<group>"; };
		6D91170E2A7813A20070CF1F /* FeedErrorViewModel.swift */ = {isa = PBXFileReference; lastKnownFileType = sourcecode.swift; path = FeedErrorViewModel.swift; sourceTree = "<group>"; };
		6D9459422A8A4B7B0072DFFC /* FeedImageDataCache.swift */ = {isa = PBXFileReference; lastKnownFileType = sourcecode.swift; path = FeedImageDataCache.swift; sourceTree = "<group>"; };
		6D948DE12A87DB27006C89F8 /* FeedCache.swift */ = {isa = PBXFileReference; lastKnownFileType = sourcecode.swift; path = FeedCache.swift; sourceTree = "<group>"; };
		6D9977B92A4D862500F63DA3 /* ValidateFeedCacheUseCaseTests.swift */ = {isa = PBXFileReference; lastKnownFileType = sourcecode.swift; path = ValidateFeedCacheUseCaseTests.swift; sourceTree = "<group>"; };
		6D9977BB2A4D8B0200F63DA3 /* FeedCacheTestHelpers.swift */ = {isa = PBXFileReference; lastKnownFileType = sourcecode.swift; path = FeedCacheTestHelpers.swift; sourceTree = "<group>"; };
		6D9977BD2A4D8BA500F63DA3 /* SharedTestHelpers.swift */ = {isa = PBXFileReference; lastKnownFileType = sourcecode.swift; path = SharedTestHelpers.swift; sourceTree = "<group>"; };
		6D9977BF2A4D9B3900F63DA3 /* FeedCachePolicy.swift */ = {isa = PBXFileReference; lastKnownFileType = sourcecode.swift; path = FeedCachePolicy.swift; sourceTree = "<group>"; };
		6DB82BA42A0576F30005EFA3 /* URLSessionHTTPClientTests.swift */ = {isa = PBXFileReference; lastKnownFileType = sourcecode.swift; path = URLSessionHTTPClientTests.swift; sourceTree = "<group>"; };
		6DB830A62A45D93D00BDC45B /* LocalFeedLoader.swift */ = {isa = PBXFileReference; lastKnownFileType = sourcecode.swift; path = LocalFeedLoader.swift; sourceTree = "<group>"; };
		6DB830A82A45D9D300BDC45B /* FeedStore.swift */ = {isa = PBXFileReference; lastKnownFileType = sourcecode.swift; path = FeedStore.swift; sourceTree = "<group>"; };
		6DD486EB2A5EDC620049498E /* CI_iOS.xctestplan */ = {isa = PBXFileReference; lastKnownFileType = text; path = CI_iOS.xctestplan; sourceTree = "<group>"; };
		6DF1DFBF29E06BB300EE56C2 /* HTTPClient.swift */ = {isa = PBXFileReference; lastKnownFileType = sourcecode.swift; path = HTTPClient.swift; sourceTree = "<group>"; };
		6DF1DFC129E06C3600EE56C2 /* FeedItemsMapper.swift */ = {isa = PBXFileReference; lastKnownFileType = sourcecode.swift; path = FeedItemsMapper.swift; sourceTree = "<group>"; };
/* End PBXFileReference section */

/* Begin PBXFrameworksBuildPhase section */
		6D29075F2A409879008BEEDB /* Frameworks */ = {
			isa = PBXFrameworksBuildPhase;
			buildActionMask = 2147483647;
			files = (
				6D2907662A40987A008BEEDB /* EssentialFeed.framework in Frameworks */,
			);
			runOnlyForDeploymentPostprocessing = 0;
		};
		6D4CA5FE29A0F001005CAE81 /* Frameworks */ = {
			isa = PBXFrameworksBuildPhase;
			buildActionMask = 2147483647;
			files = (
			);
			runOnlyForDeploymentPostprocessing = 0;
		};
		6D4CA60629A0F001005CAE81 /* Frameworks */ = {
			isa = PBXFrameworksBuildPhase;
			buildActionMask = 2147483647;
			files = (
				6D4CA60A29A0F001005CAE81 /* EssentialFeed.framework in Frameworks */,
			);
			runOnlyForDeploymentPostprocessing = 0;
		};
		6D8298272A5ED3C000C3E84D /* Frameworks */ = {
			isa = PBXFrameworksBuildPhase;
			buildActionMask = 2147483647;
			files = (
				6DEE43B82A5F08BC0082525B /* EssentialFeed.framework in Frameworks */,
			);
			runOnlyForDeploymentPostprocessing = 0;
		};
		6D82982E2A5ED3C000C3E84D /* Frameworks */ = {
			isa = PBXFrameworksBuildPhase;
			buildActionMask = 2147483647;
			files = (
				6D8298322A5ED3C000C3E84D /* EssentialFeediOS.framework in Frameworks */,
			);
			runOnlyForDeploymentPostprocessing = 0;
		};
		6D8BC8B12A55CABF00CD29E3 /* Frameworks */ = {
			isa = PBXFrameworksBuildPhase;
			buildActionMask = 2147483647;
			files = (
				6D8BC8B82A55CABF00CD29E3 /* EssentialFeed.framework in Frameworks */,
			);
			runOnlyForDeploymentPostprocessing = 0;
		};
/* End PBXFrameworksBuildPhase section */

/* Begin PBXGroup section */
		6D2907632A409879008BEEDB /* EssentialFeedAPIEndToEndTests */ = {
			isa = PBXGroup;
			children = (
				6D2907642A409879008BEEDB /* EssentialFeedAPIEndToEndTests.swift */,
			);
			path = EssentialFeedAPIEndToEndTests;
			sourceTree = "<group>";
		};
		6D415B1E2A8E3E6C0061FDF5 /* Helpers */ = {
			isa = PBXGroup;
			children = (
				6D415B1F2A8E3E740061FDF5 /* UIImage+TestHelpers.swift */,
			);
			path = Helpers;
			sourceTree = "<group>";
		};
		6D46399A2A489684007F0CE1 /* Helpers */ = {
			isa = PBXGroup;
			children = (
				6D46399B2A489696007F0CE1 /* FeedStoreSpy.swift */,
				6D9977BB2A4D8B0200F63DA3 /* FeedCacheTestHelpers.swift */,
				6D5494D72A8241D40016BEA9 /* FeedImageDataStoreSpy.swift */,
			);
			path = Helpers;
			sourceTree = "<group>";
		};
		6D4CA5F729A0F001005CAE81 = {
			isa = PBXGroup;
			children = (
				6D29076D2A40A883008BEEDB /* CI_macOS.xctestplan */,
				6DD486EB2A5EDC620049498E /* CI_iOS.xctestplan */,
				6D660EA62A40958300B4634B /* EssentialFeed.xctestplan */,
				6D82983F2A5ED67E00C3E84D /* EssentialFeediOS.xctestplan */,
				6D8297F02A5EC5FC00C3E84D /* EssentialFeedAPIEndToEndTests.xctestplan */,
				6D8BC8BE2A55CB0200CD29E3 /* EssentialFeedCacheIntegrationTests.xctestplan */,
				6D4CA60329A0F001005CAE81 /* EssentialFeed */,
				6D4CA60D29A0F001005CAE81 /* EssentialFeedTests */,
				6D2907632A409879008BEEDB /* EssentialFeedAPIEndToEndTests */,
				6D8BC8B52A55CABF00CD29E3 /* EssentialFeedCacheIntegrationTests */,
				6D82982B2A5ED3C000C3E84D /* EssentialFeediOS */,
				6D8298352A5ED3C000C3E84D /* EssentialFeediOSTests */,
				6D4CA60229A0F001005CAE81 /* Products */,
				6DEE43B72A5F08BC0082525B /* Frameworks */,
			);
			sourceTree = "<group>";
		};
		6D4CA60229A0F001005CAE81 /* Products */ = {
			isa = PBXGroup;
			children = (
				6D4CA60129A0F001005CAE81 /* EssentialFeed.framework */,
				6D4CA60929A0F001005CAE81 /* EssentialFeedTests.xctest */,
				6D2907622A409879008BEEDB /* EssentialFeedAPIEndToEndTests.xctest */,
				6D8BC8B42A55CABF00CD29E3 /* EssentialFeedCacheIntegrationTests.xctest */,
				6D82982A2A5ED3C000C3E84D /* EssentialFeediOS.framework */,
				6D8298312A5ED3C000C3E84D /* EssentialFeediOSTests.xctest */,
			);
			name = Products;
			sourceTree = "<group>";
		};
		6D4CA60329A0F001005CAE81 /* EssentialFeed */ = {
			isa = PBXGroup;
			children = (
				6D66CF8C2AB0830D00990143 /* Shared API */,
				6D66CF8D2AB0832700990143 /* Shared API Infra */,
				6D4CA61D29A0F559005CAE81 /* Feed Feature */,
				6DB830A52A45D92800BDC45B /* Feed Cache */,
				6D4CA62029A13EC4005CAE81 /* Feed API */,
				6D66CF892AB06ED500990143 /* Image Comments Feature */,
				6D66CF912AB08DDE00990143 /* Image Comments API */,
				6D9117042A7810E10070CF1F /* Feed Presentation */,
			);
			path = EssentialFeed;
			sourceTree = "<group>";
		};
		6D4CA60D29A0F001005CAE81 /* EssentialFeedTests */ = {
			isa = PBXGroup;
			children = (
				6D660EA12A4048E100B4634B /* Helpers */,
				6D66CF8E2AB0835000990143 /* Shared API */,
				6D66CF902AB0837500990143 /* Shared API Infra */,
				6D769AA82A42FCEC003F2D60 /* Feed Cache */,
				6DF1DFC329E0755100EE56C2 /* Feed API */,
				6D66CF922AB08E5D00990143 /* Image Comments API */,
				6D9116FA2A7800020070CF1F /* Feed Presentation */,
			);
			path = EssentialFeedTests;
			sourceTree = "<group>";
		};
		6D4CA61D29A0F559005CAE81 /* Feed Feature */ = {
			isa = PBXGroup;
			children = (
				6D4CA61929A0F1BF005CAE81 /* FeedImage.swift */,
				6D7C6E8C2A62D0090056CB88 /* FeedImageDataLoader.swift */,
				6D4CA61B29A0F38E005CAE81 /* FeedLoader.swift */,
				6D948DE12A87DB27006C89F8 /* FeedCache.swift */,
				6D9459422A8A4B7B0072DFFC /* FeedImageDataCache.swift */,
			);
			path = "Feed Feature";
			sourceTree = "<group>";
		};
		6D4CA62029A13EC4005CAE81 /* Feed API */ = {
			isa = PBXGroup;
			children = (
				6D85C4B92A815DB700581213 /* Helpers */,
				6DF1DFC129E06C3600EE56C2 /* FeedItemsMapper.swift */,
				6D85C4B72A81555D00581213 /* RemoteFeedImageDataLoader.swift */,
			);
			path = "Feed API";
			sourceTree = "<group>";
		};
		6D660EA12A4048E100B4634B /* Helpers */ = {
			isa = PBXGroup;
			children = (
				6D660EA22A40491600B4634B /* XCTestCase+MemoryLeakTracking.swift */,
				6D9977BD2A4D8BA500F63DA3 /* SharedTestHelpers.swift */,
			);
			path = Helpers;
			sourceTree = "<group>";
		};
		6D66CF892AB06ED500990143 /* Image Comments Feature */ = {
			isa = PBXGroup;
			children = (
				6D66CF8A2AB06EFA00990143 /* ImageComment.swift */,
			);
			path = "Image Comments Feature";
			sourceTree = "<group>";
		};
		6D66CF8C2AB0830D00990143 /* Shared API */ = {
			isa = PBXGroup;
			children = (
				6DF1DFBF29E06BB300EE56C2 /* HTTPClient.swift */,
				6D66CF952AB0996500990143 /* RemoteLoader.swift */,
			);
			path = "Shared API";
			sourceTree = "<group>";
		};
		6D66CF8D2AB0832700990143 /* Shared API Infra */ = {
			isa = PBXGroup;
			children = (
				6D660EA42A406E9F00B4634B /* URLSessionHTTPClient.swift */,
			);
			path = "Shared API Infra";
			sourceTree = "<group>";
		};
		6D66CF8E2AB0835000990143 /* Shared API */ = {
			isa = PBXGroup;
			children = (
				6D66CF8F2AB0836100990143 /* Helpers */,
				6D66CF932AB098DA00990143 /* RemoteLoaderTests.swift */,
			);
			path = "Shared API";
			sourceTree = "<group>";
		};
		6D66CF8F2AB0836100990143 /* Helpers */ = {
			isa = PBXGroup;
			children = (
				6D85C4B52A81538400581213 /* HTTPClientSpy.swift */,
			);
			path = Helpers;
			sourceTree = "<group>";
		};
		6D66CF902AB0837500990143 /* Shared API Infra */ = {
			isa = PBXGroup;
			children = (
				6D85C4B42A81537200581213 /* Helpers */,
				6DB82BA42A0576F30005EFA3 /* URLSessionHTTPClientTests.swift */,
			);
			path = "Shared API Infra";
			sourceTree = "<group>";
		};
		6D66CF912AB08DDE00990143 /* Image Comments API */ = {
			isa = PBXGroup;
			children = (
				6D66CF872AB0682C00990143 /* ImageCommentsMapper.swift */,
			);
			path = "Image Comments API";
			sourceTree = "<group>";
		};
		6D66CF922AB08E5D00990143 /* Image Comments API */ = {
			isa = PBXGroup;
			children = (
				6D66CF832AB0645000990143 /* ImageCommentsMapperTests.swift */,
			);
			path = "Image Comments API";
			sourceTree = "<group>";
		};
		6D769AA82A42FCEC003F2D60 /* Feed Cache */ = {
			isa = PBXGroup;
			children = (
				6D46399A2A489684007F0CE1 /* Helpers */,
				6D769AA92A42FD10003F2D60 /* CacheFeedUseCaseTests.swift */,
				6D4639982A48924A007F0CE1 /* LoadFeedFromCacheUseCaseTests.swift */,
				6D9977B92A4D862500F63DA3 /* ValidateFeedCacheUseCaseTests.swift */,
				6D3717EA2A4EECD80091C299 /* FeedStoreSpecs.swift */,
				6D3717EC2A4EED250091C299 /* XCTestCase+FeedStoreSpecs.swift */,
				6D8BC8A02A55A27900CD29E3 /* CoreDataFeedStoreTests.swift */,
				6D5494D12A821F2D0016BEA9 /* LoadFeedImageDataFromCacheUseCaseTests.swift */,
				6D5494D92A8242F20016BEA9 /* CacheFeedImageDataUseCaseTests.swift */,
				6D5494DB2A8246FF0016BEA9 /* CoreDataFeedImageDataStoreTests.swift */,
			);
			path = "Feed Cache";
			sourceTree = "<group>";
		};
		6D7C6E892A62CF210056CB88 /* Feed UI */ = {
			isa = PBXGroup;
			children = (
				6D990DB32A62CBD200A0A3D8 /* Controllers */,
				6D990DB42A62CBFB00A0A3D8 /* Views */,
			);
			path = "Feed UI";
			sourceTree = "<group>";
		};
		6D7C6E8A2A62CF360056CB88 /* Feed UI */ = {
			isa = PBXGroup;
			children = (
				6D415B1E2A8E3E6C0061FDF5 /* Helpers */,
				6D415B1C2A8E3A720061FDF5 /* FeedSnapshotTests.swift */,
			);
			path = "Feed UI";
			sourceTree = "<group>";
		};
		6D82982B2A5ED3C000C3E84D /* EssentialFeediOS */ = {
			isa = PBXGroup;
			children = (
				6D7C6E892A62CF210056CB88 /* Feed UI */,
			);
			path = EssentialFeediOS;
			sourceTree = "<group>";
		};
		6D8298352A5ED3C000C3E84D /* EssentialFeediOSTests */ = {
			isa = PBXGroup;
			children = (
				6D7C6E8A2A62CF360056CB88 /* Feed UI */,
			);
			path = EssentialFeediOSTests;
			sourceTree = "<group>";
		};
		6D85C4B42A81537200581213 /* Helpers */ = {
			isa = PBXGroup;
			children = (
				6D85C4BC2A815EB900581213 /* URLProtocolStub.swift */,
			);
			path = Helpers;
			sourceTree = "<group>";
		};
		6D85C4B92A815DB700581213 /* Helpers */ = {
			isa = PBXGroup;
			children = (
				6D85C4BA2A815DC500581213 /* HTTPURLResponse+StatusCode.swift */,
			);
			path = Helpers;
			sourceTree = "<group>";
		};
		6D8BC8A72A55BA8500CD29E3 /* Infrastructure */ = {
			isa = PBXGroup;
			children = (
				6D8BC8A82A55BA8F00CD29E3 /* CoreData */,
			);
			path = Infrastructure;
			sourceTree = "<group>";
		};
		6D8BC8A82A55BA8F00CD29E3 /* CoreData */ = {
			isa = PBXGroup;
			children = (
				6D8BC8A22A55A4C500CD29E3 /* FeedStore.xcdatamodeld */,
				6D8BC8A52A55A82400CD29E3 /* CoreDataFeedStore.swift */,
				6D8BC8AA2A55BB5500CD29E3 /* CoreDataHelpers.swift */,
				6D8BC8AC2A55BBDA00CD29E3 /* ManagedCache.swift */,
				6D8BC8AE2A55BC0200CD29E3 /* ManagedFeedImage.swift */,
				6D5494DE2A824E8D0016BEA9 /* CoreDataFeedStore+FeedImageDataLoader.swift */,
				6D5494E02A827DAD0016BEA9 /* CoreDataFeedStore+FeedStore.swift */,
			);
			path = CoreData;
			sourceTree = "<group>";
		};
		6D8BC8B52A55CABF00CD29E3 /* EssentialFeedCacheIntegrationTests */ = {
			isa = PBXGroup;
			children = (
				6D8BC8B62A55CABF00CD29E3 /* EssentialFeedCacheIntegrationTests.swift */,
			);
			path = EssentialFeedCacheIntegrationTests;
			sourceTree = "<group>";
		};
		6D9116F52A77F2540070CF1F /* Helpers */ = {
			isa = PBXGroup;
			children = (
				6D70B32B2A604A7100F30472 /* UIView+Shimmering.swift */,
				6D7645992A76A8C6002CB391 /* UITableView+Dequeueing.swift */,
				6D76459B2A76AA74002CB391 /* UIImageView+Animations.swift */,
				6D9116F82A77F3540070CF1F /* UIRefreshControl+Helpers.swift */,
				6D415B212A8E41160061FDF5 /* UITableView+HeaderSizing.swift */,
			);
			path = Helpers;
			sourceTree = "<group>";
		};
		6D9116FA2A7800020070CF1F /* Feed Presentation */ = {
			isa = PBXGroup;
			children = (
				6D9116FB2A7800210070CF1F /* FeedPresenterTests.swift */,
				6D9116E72A77B87D0070CF1F /* FeedLocalizationTests.swift */,
				6D6B49082A790EE3005E0044 /* FeedImagePresenterTests.swift */,
			);
			path = "Feed Presentation";
			sourceTree = "<group>";
		};
		6D9117042A7810E10070CF1F /* Feed Presentation */ = {
			isa = PBXGroup;
			children = (
				6D9117052A78110E0070CF1F /* FeedPresenter.swift */,
				6D91170A2A78131C0070CF1F /* FeedViewModel.swift */,
				6D91170C2A78136F0070CF1F /* FeedLoadingViewModel.swift */,
				6D6B490A2A79149B005E0044 /* FeedImagePresenter.swift */,
				6D91170E2A7813A20070CF1F /* FeedErrorViewModel.swift */,
				6D6B490C2A791572005E0044 /* FeedImageViewModel.swift */,
				6D9117012A780F160070CF1F /* Feed.strings */,
			);
			path = "Feed Presentation";
			sourceTree = "<group>";
		};
		6D990DB32A62CBD200A0A3D8 /* Controllers */ = {
			isa = PBXGroup;
			children = (
				6D70B3272A5FFD5100F30472 /* FeedViewController.swift */,
				6D7C6E902A62DCE10056CB88 /* FeedImageCellController.swift */,
			);
			path = Controllers;
			sourceTree = "<group>";
		};
		6D990DB42A62CBFB00A0A3D8 /* Views */ = {
			isa = PBXGroup;
			children = (
				6D9116F52A77F2540070CF1F /* Helpers */,
				6D9116F32A77EA5A0070CF1F /* ErrorView.swift */,
				6D70B3292A600C1300F30472 /* FeedImageCell.swift */,
				6D7645952A769319002CB391 /* Feed.storyboard */,
				6D7645972A769422002CB391 /* Feed.xcassets */,
			);
			path = Views;
			sourceTree = "<group>";
		};
		6DB830A52A45D92800BDC45B /* Feed Cache */ = {
			isa = PBXGroup;
			children = (
				6D8BC8A72A55BA8500CD29E3 /* Infrastructure */,
				6DB830A62A45D93D00BDC45B /* LocalFeedLoader.swift */,
				6DB830A82A45D9D300BDC45B /* FeedStore.swift */,
				6D4639962A4886B9007F0CE1 /* LocalFeedImage.swift */,
				6D9977BF2A4D9B3900F63DA3 /* FeedCachePolicy.swift */,
				6D5494D32A823B170016BEA9 /* FeedImageDataStore.swift */,
				6D5494D52A823B5F0016BEA9 /* LocalFeedImageDataLoader.swift */,
			);
			path = "Feed Cache";
			sourceTree = "<group>";
		};
		6DEE43B72A5F08BC0082525B /* Frameworks */ = {
			isa = PBXGroup;
			children = (
			);
			name = Frameworks;
			sourceTree = "<group>";
		};
		6DF1DFC329E0755100EE56C2 /* Feed API */ = {
			isa = PBXGroup;
			children = (
				6D4CA61E29A12EA5005CAE81 /* FeedItemsMapperTests.swift */,
				6D85C4B22A80E42700581213 /* LoadFeedImageDataFromRemoteUseCaseTests.swift */,
			);
			path = "Feed API";
			sourceTree = "<group>";
		};
/* End PBXGroup section */

/* Begin PBXHeadersBuildPhase section */
		6D4CA5FC29A0F001005CAE81 /* Headers */ = {
			isa = PBXHeadersBuildPhase;
			buildActionMask = 2147483647;
			files = (
			);
			runOnlyForDeploymentPostprocessing = 0;
		};
		6D8298252A5ED3C000C3E84D /* Headers */ = {
			isa = PBXHeadersBuildPhase;
			buildActionMask = 2147483647;
			files = (
			);
			runOnlyForDeploymentPostprocessing = 0;
		};
/* End PBXHeadersBuildPhase section */

/* Begin PBXNativeTarget section */
		6D2907612A409879008BEEDB /* EssentialFeedAPIEndToEndTests */ = {
			isa = PBXNativeTarget;
			buildConfigurationList = 6D29076B2A40987A008BEEDB /* Build configuration list for PBXNativeTarget "EssentialFeedAPIEndToEndTests" */;
			buildPhases = (
				6D29075E2A409879008BEEDB /* Sources */,
				6D29075F2A409879008BEEDB /* Frameworks */,
				6D2907602A409879008BEEDB /* Resources */,
			);
			buildRules = (
			);
			dependencies = (
				6D2907682A40987A008BEEDB /* PBXTargetDependency */,
			);
			name = EssentialFeedAPIEndToEndTests;
			productName = EssentialFeedEndToEndTests;
			productReference = 6D2907622A409879008BEEDB /* EssentialFeedAPIEndToEndTests.xctest */;
			productType = "com.apple.product-type.bundle.unit-test";
		};
		6D4CA60029A0F001005CAE81 /* EssentialFeed */ = {
			isa = PBXNativeTarget;
			buildConfigurationList = 6D4CA61329A0F001005CAE81 /* Build configuration list for PBXNativeTarget "EssentialFeed" */;
			buildPhases = (
				6D4CA5FC29A0F001005CAE81 /* Headers */,
				6D4CA5FD29A0F001005CAE81 /* Sources */,
				6D4CA5FE29A0F001005CAE81 /* Frameworks */,
				6D4CA5FF29A0F001005CAE81 /* Resources */,
			);
			buildRules = (
			);
			dependencies = (
			);
			name = EssentialFeed;
			productName = EssentialFeed;
			productReference = 6D4CA60129A0F001005CAE81 /* EssentialFeed.framework */;
			productType = "com.apple.product-type.framework";
		};
		6D4CA60829A0F001005CAE81 /* EssentialFeedTests */ = {
			isa = PBXNativeTarget;
			buildConfigurationList = 6D4CA61629A0F001005CAE81 /* Build configuration list for PBXNativeTarget "EssentialFeedTests" */;
			buildPhases = (
				6D4CA60529A0F001005CAE81 /* Sources */,
				6D4CA60629A0F001005CAE81 /* Frameworks */,
				6D4CA60729A0F001005CAE81 /* Resources */,
			);
			buildRules = (
			);
			dependencies = (
				6D4CA60C29A0F001005CAE81 /* PBXTargetDependency */,
			);
			name = EssentialFeedTests;
			productName = EssentialFeedTests;
			productReference = 6D4CA60929A0F001005CAE81 /* EssentialFeedTests.xctest */;
			productType = "com.apple.product-type.bundle.unit-test";
		};
		6D8298292A5ED3C000C3E84D /* EssentialFeediOS */ = {
			isa = PBXNativeTarget;
			buildConfigurationList = 6D82983D2A5ED3C100C3E84D /* Build configuration list for PBXNativeTarget "EssentialFeediOS" */;
			buildPhases = (
				6D8298252A5ED3C000C3E84D /* Headers */,
				6D8298262A5ED3C000C3E84D /* Sources */,
				6D8298272A5ED3C000C3E84D /* Frameworks */,
				6D8298282A5ED3C000C3E84D /* Resources */,
			);
			buildRules = (
			);
			dependencies = (
			);
			name = EssentialFeediOS;
			productName = EssentialFeediOS;
			productReference = 6D82982A2A5ED3C000C3E84D /* EssentialFeediOS.framework */;
			productType = "com.apple.product-type.framework";
		};
		6D8298302A5ED3C000C3E84D /* EssentialFeediOSTests */ = {
			isa = PBXNativeTarget;
			buildConfigurationList = 6D82983E2A5ED3C100C3E84D /* Build configuration list for PBXNativeTarget "EssentialFeediOSTests" */;
			buildPhases = (
				6D82982D2A5ED3C000C3E84D /* Sources */,
				6D82982E2A5ED3C000C3E84D /* Frameworks */,
				6D82982F2A5ED3C000C3E84D /* Resources */,
			);
			buildRules = (
			);
			dependencies = (
				6D8298342A5ED3C000C3E84D /* PBXTargetDependency */,
			);
			name = EssentialFeediOSTests;
			productName = EssentialFeediOSTests;
			productReference = 6D8298312A5ED3C000C3E84D /* EssentialFeediOSTests.xctest */;
			productType = "com.apple.product-type.bundle.unit-test";
		};
		6D8BC8B32A55CABF00CD29E3 /* EssentialFeedCacheIntegrationTests */ = {
			isa = PBXNativeTarget;
			buildConfigurationList = 6D8BC8BB2A55CABF00CD29E3 /* Build configuration list for PBXNativeTarget "EssentialFeedCacheIntegrationTests" */;
			buildPhases = (
				6D8BC8B02A55CABF00CD29E3 /* Sources */,
				6D8BC8B12A55CABF00CD29E3 /* Frameworks */,
				6D8BC8B22A55CABF00CD29E3 /* Resources */,
			);
			buildRules = (
			);
			dependencies = (
				6D8BC8BA2A55CABF00CD29E3 /* PBXTargetDependency */,
			);
			name = EssentialFeedCacheIntegrationTests;
			productName = EssentialFeedCacheIntegrationTests;
			productReference = 6D8BC8B42A55CABF00CD29E3 /* EssentialFeedCacheIntegrationTests.xctest */;
			productType = "com.apple.product-type.bundle.unit-test";
		};
/* End PBXNativeTarget section */

/* Begin PBXProject section */
		6D4CA5F829A0F001005CAE81 /* Project object */ = {
			isa = PBXProject;
			attributes = {
				BuildIndependentTargetsInParallel = 1;
				LastSwiftUpdateCheck = 1500;
				LastUpgradeCheck = 1420;
				TargetAttributes = {
					6D2907612A409879008BEEDB = {
						CreatedOnToolsVersion = 15.0;
					};
					6D4CA60029A0F001005CAE81 = {
						CreatedOnToolsVersion = 14.2;
						LastSwiftMigration = 1420;
					};
					6D4CA60829A0F001005CAE81 = {
						CreatedOnToolsVersion = 14.2;
					};
					6D8298292A5ED3C000C3E84D = {
						CreatedOnToolsVersion = 15.0;
						LastSwiftMigration = 1500;
					};
					6D8298302A5ED3C000C3E84D = {
						CreatedOnToolsVersion = 15.0;
						LastSwiftMigration = 1500;
					};
					6D8BC8B32A55CABF00CD29E3 = {
						CreatedOnToolsVersion = 15.0;
					};
				};
			};
			buildConfigurationList = 6D4CA5FB29A0F001005CAE81 /* Build configuration list for PBXProject "EssentialFeed" */;
			compatibilityVersion = "Xcode 14.0";
			developmentRegion = en;
			hasScannedForEncodings = 0;
			knownRegions = (
				en,
				Base,
				"pt-BR",
				el,
			);
			mainGroup = 6D4CA5F729A0F001005CAE81;
			productRefGroup = 6D4CA60229A0F001005CAE81 /* Products */;
			projectDirPath = "";
			projectRoot = "";
			targets = (
				6D4CA60029A0F001005CAE81 /* EssentialFeed */,
				6D4CA60829A0F001005CAE81 /* EssentialFeedTests */,
				6D2907612A409879008BEEDB /* EssentialFeedAPIEndToEndTests */,
				6D8BC8B32A55CABF00CD29E3 /* EssentialFeedCacheIntegrationTests */,
				6D8298292A5ED3C000C3E84D /* EssentialFeediOS */,
				6D8298302A5ED3C000C3E84D /* EssentialFeediOSTests */,
			);
		};
/* End PBXProject section */

/* Begin PBXResourcesBuildPhase section */
		6D2907602A409879008BEEDB /* Resources */ = {
			isa = PBXResourcesBuildPhase;
			buildActionMask = 2147483647;
			files = (
			);
			runOnlyForDeploymentPostprocessing = 0;
		};
		6D4CA5FF29A0F001005CAE81 /* Resources */ = {
			isa = PBXResourcesBuildPhase;
			buildActionMask = 2147483647;
			files = (
				6D9117072A78128D0070CF1F /* Feed.strings in Resources */,
			);
			runOnlyForDeploymentPostprocessing = 0;
		};
		6D4CA60729A0F001005CAE81 /* Resources */ = {
			isa = PBXResourcesBuildPhase;
			buildActionMask = 2147483647;
			files = (
			);
			runOnlyForDeploymentPostprocessing = 0;
		};
		6D8298282A5ED3C000C3E84D /* Resources */ = {
			isa = PBXResourcesBuildPhase;
			buildActionMask = 2147483647;
			files = (
				6D7645962A769319002CB391 /* Feed.storyboard in Resources */,
				6D7645982A769422002CB391 /* Feed.xcassets in Resources */,
			);
			runOnlyForDeploymentPostprocessing = 0;
		};
		6D82982F2A5ED3C000C3E84D /* Resources */ = {
			isa = PBXResourcesBuildPhase;
			buildActionMask = 2147483647;
			files = (
			);
			runOnlyForDeploymentPostprocessing = 0;
		};
		6D8BC8B22A55CABF00CD29E3 /* Resources */ = {
			isa = PBXResourcesBuildPhase;
			buildActionMask = 2147483647;
			files = (
			);
			runOnlyForDeploymentPostprocessing = 0;
		};
/* End PBXResourcesBuildPhase section */

/* Begin PBXSourcesBuildPhase section */
		6D29075E2A409879008BEEDB /* Sources */ = {
			isa = PBXSourcesBuildPhase;
			buildActionMask = 2147483647;
			files = (
				6D2907652A40987A008BEEDB /* EssentialFeedAPIEndToEndTests.swift in Sources */,
				6D29076C2A40A6D1008BEEDB /* XCTestCase+MemoryLeakTracking.swift in Sources */,
			);
			runOnlyForDeploymentPostprocessing = 0;
		};
		6D4CA5FD29A0F001005CAE81 /* Sources */ = {
			isa = PBXSourcesBuildPhase;
			buildActionMask = 2147483647;
			files = (
				6D8BC8AB2A55BB5500CD29E3 /* CoreDataHelpers.swift in Sources */,
				6D8BC8A42A55A4C500CD29E3 /* FeedStore.xcdatamodeld in Sources */,
				6DF1DFC229E06C3600EE56C2 /* FeedItemsMapper.swift in Sources */,
				6D4CA61C29A0F38E005CAE81 /* FeedLoader.swift in Sources */,
				6D6B490D2A791572005E0044 /* FeedImageViewModel.swift in Sources */,
				6D85C4B82A81555D00581213 /* RemoteFeedImageDataLoader.swift in Sources */,
				6D9977C02A4D9B3900F63DA3 /* FeedCachePolicy.swift in Sources */,
				6D66CF8B2AB06EFA00990143 /* ImageComment.swift in Sources */,
				6D8BC8A62A55A82400CD29E3 /* CoreDataFeedStore.swift in Sources */,
				6D5494E12A827DAD0016BEA9 /* CoreDataFeedStore+FeedStore.swift in Sources */,
				6D91170B2A78131C0070CF1F /* FeedViewModel.swift in Sources */,
				6D4639972A4886B9007F0CE1 /* LocalFeedImage.swift in Sources */,
				6DB830A92A45D9D300BDC45B /* FeedStore.swift in Sources */,
				6DB830A72A45D93D00BDC45B /* LocalFeedLoader.swift in Sources */,
				6D66CF882AB0682C00990143 /* ImageCommentsMapper.swift in Sources */,
				6DF1DFC029E06BB300EE56C2 /* HTTPClient.swift in Sources */,
				6D5494D42A823B170016BEA9 /* FeedImageDataStore.swift in Sources */,
				6D9459432A8A4B7B0072DFFC /* FeedImageDataCache.swift in Sources */,
				6D9117062A78110E0070CF1F /* FeedPresenter.swift in Sources */,
				6D4CA61A29A0F1BF005CAE81 /* FeedImage.swift in Sources */,
				6D85C4BB2A815DC500581213 /* HTTPURLResponse+StatusCode.swift in Sources */,
				6D8BC8AD2A55BBDA00CD29E3 /* ManagedCache.swift in Sources */,
				6D66CF962AB0996500990143 /* RemoteLoader.swift in Sources */,
				6D660EA52A406E9F00B4634B /* URLSessionHTTPClient.swift in Sources */,
				6D91170F2A7813A20070CF1F /* FeedErrorViewModel.swift in Sources */,
				6D85C4B12A80E38400581213 /* FeedImageDataLoader.swift in Sources */,
				6D91170D2A78136F0070CF1F /* FeedLoadingViewModel.swift in Sources */,
				6D5494D62A823B5F0016BEA9 /* LocalFeedImageDataLoader.swift in Sources */,
				6D5494DF2A824E8D0016BEA9 /* CoreDataFeedStore+FeedImageDataLoader.swift in Sources */,
				6D6B490B2A79149B005E0044 /* FeedImagePresenter.swift in Sources */,
				6D948DE22A87DB27006C89F8 /* FeedCache.swift in Sources */,
				6D8BC8AF2A55BC0200CD29E3 /* ManagedFeedImage.swift in Sources */,
			);
			runOnlyForDeploymentPostprocessing = 0;
		};
		6D4CA60529A0F001005CAE81 /* Sources */ = {
			isa = PBXSourcesBuildPhase;
			buildActionMask = 2147483647;
			files = (
				6D9116FC2A7800210070CF1F /* FeedPresenterTests.swift in Sources */,
				6D5494D22A821F2D0016BEA9 /* LoadFeedImageDataFromCacheUseCaseTests.swift in Sources */,
				6D5494DA2A8242F20016BEA9 /* CacheFeedImageDataUseCaseTests.swift in Sources */,
				6D85C4B62A81538400581213 /* HTTPClientSpy.swift in Sources */,
				6D8BC8A12A55A27900CD29E3 /* CoreDataFeedStoreTests.swift in Sources */,
				6D9977BC2A4D8B0200F63DA3 /* FeedCacheTestHelpers.swift in Sources */,
				6D9977BA2A4D862500F63DA3 /* ValidateFeedCacheUseCaseTests.swift in Sources */,
				6D9117102A78165A0070CF1F /* FeedLocalizationTests.swift in Sources */,
				6D4CA61F29A12EA5005CAE81 /* FeedItemsMapperTests.swift in Sources */,
				6D85C4B32A80E42700581213 /* LoadFeedImageDataFromRemoteUseCaseTests.swift in Sources */,
				6DB82BA52A0576F30005EFA3 /* URLSessionHTTPClientTests.swift in Sources */,
				6D66CF842AB0645000990143 /* ImageCommentsMapperTests.swift in Sources */,
				6D6B49092A790EE3005E0044 /* FeedImagePresenterTests.swift in Sources */,
				6D46399C2A489696007F0CE1 /* FeedStoreSpy.swift in Sources */,
				6D5494D82A8241D40016BEA9 /* FeedImageDataStoreSpy.swift in Sources */,
				6D5494DC2A8246FF0016BEA9 /* CoreDataFeedImageDataStoreTests.swift in Sources */,
				6D66CF942AB098DA00990143 /* RemoteLoaderTests.swift in Sources */,
				6D9977BE2A4D8BA500F63DA3 /* SharedTestHelpers.swift in Sources */,
				6D769AAA2A42FD10003F2D60 /* CacheFeedUseCaseTests.swift in Sources */,
				6D85C4BD2A815EB900581213 /* URLProtocolStub.swift in Sources */,
				6D4639992A48924A007F0CE1 /* LoadFeedFromCacheUseCaseTests.swift in Sources */,
				6D3717EB2A4EECD80091C299 /* FeedStoreSpecs.swift in Sources */,
				6D660EA32A40491600B4634B /* XCTestCase+MemoryLeakTracking.swift in Sources */,
				6D3717ED2A4EED250091C299 /* XCTestCase+FeedStoreSpecs.swift in Sources */,
			);
			runOnlyForDeploymentPostprocessing = 0;
		};
		6D8298262A5ED3C000C3E84D /* Sources */ = {
			isa = PBXSourcesBuildPhase;
			buildActionMask = 2147483647;
			files = (
				6D415B222A8E41160061FDF5 /* UITableView+HeaderSizing.swift in Sources */,
				6D9116F42A77EA5A0070CF1F /* ErrorView.swift in Sources */,
				6D9116F92A77F3540070CF1F /* UIRefreshControl+Helpers.swift in Sources */,
				6D76459A2A76A8C6002CB391 /* UITableView+Dequeueing.swift in Sources */,
				6D70B32C2A604A7100F30472 /* UIView+Shimmering.swift in Sources */,
				6D76459C2A76AA74002CB391 /* UIImageView+Animations.swift in Sources */,
				6D70B3282A5FFD5100F30472 /* FeedViewController.swift in Sources */,
				6D70B32A2A600C1300F30472 /* FeedImageCell.swift in Sources */,
				6D7C6E912A62DCE10056CB88 /* FeedImageCellController.swift in Sources */,
			);
			runOnlyForDeploymentPostprocessing = 0;
		};
		6D82982D2A5ED3C000C3E84D /* Sources */ = {
			isa = PBXSourcesBuildPhase;
			buildActionMask = 2147483647;
			files = (
				6D23BAB22A5F1001001EDFCC /* XCTestCase+MemoryLeakTracking.swift in Sources */,
				6D415B1D2A8E3A720061FDF5 /* FeedSnapshotTests.swift in Sources */,
				6D415B202A8E3E740061FDF5 /* UIImage+TestHelpers.swift in Sources */,
			);
			runOnlyForDeploymentPostprocessing = 0;
		};
		6D8BC8B02A55CABF00CD29E3 /* Sources */ = {
			isa = PBXSourcesBuildPhase;
			buildActionMask = 2147483647;
			files = (
				6D6419F02A55D18E00B43182 /* SharedTestHelpers.swift in Sources */,
				6D8BC8B72A55CABF00CD29E3 /* EssentialFeedCacheIntegrationTests.swift in Sources */,
				6D6419EF2A55D16900B43182 /* FeedCacheTestHelpers.swift in Sources */,
				6D6419EE2A55CEA800B43182 /* XCTestCase+MemoryLeakTracking.swift in Sources */,
			);
			runOnlyForDeploymentPostprocessing = 0;
		};
/* End PBXSourcesBuildPhase section */

/* Begin PBXTargetDependency section */
		6D2907682A40987A008BEEDB /* PBXTargetDependency */ = {
			isa = PBXTargetDependency;
			target = 6D4CA60029A0F001005CAE81 /* EssentialFeed */;
			targetProxy = 6D2907672A40987A008BEEDB /* PBXContainerItemProxy */;
		};
		6D4CA60C29A0F001005CAE81 /* PBXTargetDependency */ = {
			isa = PBXTargetDependency;
			target = 6D4CA60029A0F001005CAE81 /* EssentialFeed */;
			targetProxy = 6D4CA60B29A0F001005CAE81 /* PBXContainerItemProxy */;
		};
		6D8298342A5ED3C000C3E84D /* PBXTargetDependency */ = {
			isa = PBXTargetDependency;
			target = 6D8298292A5ED3C000C3E84D /* EssentialFeediOS */;
			targetProxy = 6D8298332A5ED3C000C3E84D /* PBXContainerItemProxy */;
		};
		6D8BC8BA2A55CABF00CD29E3 /* PBXTargetDependency */ = {
			isa = PBXTargetDependency;
			target = 6D4CA60029A0F001005CAE81 /* EssentialFeed */;
			targetProxy = 6D8BC8B92A55CABF00CD29E3 /* PBXContainerItemProxy */;
		};
/* End PBXTargetDependency section */

/* Begin PBXVariantGroup section */
		6D9117012A780F160070CF1F /* Feed.strings */ = {
			isa = PBXVariantGroup;
			children = (
				6D9117002A780F160070CF1F /* en */,
				6D9117022A780F170070CF1F /* el */,
				6D9117032A780F180070CF1F /* pt-BR */,
			);
			name = Feed.strings;
			sourceTree = "<group>";
		};
/* End PBXVariantGroup section */

/* Begin XCBuildConfiguration section */
		6D2907692A40987A008BEEDB /* Debug */ = {
			isa = XCBuildConfiguration;
			buildSettings = {
				ASSETCATALOG_COMPILER_GENERATE_SWIFT_ASSET_SYMBOL_EXTENSIONS = YES;
				CODE_SIGN_STYLE = Automatic;
				CURRENT_PROJECT_VERSION = 1;
				DEVELOPMENT_TEAM = Y7ZY3GWQ29;
				ENABLE_USER_SCRIPT_SANDBOXING = YES;
				GCC_C_LANGUAGE_STANDARD = gnu17;
				GENERATE_INFOPLIST_FILE = YES;
				LOCALIZATION_PREFERS_STRING_CATALOGS = YES;
				MACOSX_DEPLOYMENT_TARGET = 13.0;
				MARKETING_VERSION = 1.0;
				PRODUCT_BUNDLE_IDENTIFIER = com.danisot.EssentialFeedEndToEndTests;
				PRODUCT_NAME = "$(TARGET_NAME)";
				SUPPORTED_PLATFORMS = "macosx iphonesimulator iphoneos";
				SWIFT_ACTIVE_COMPILATION_CONDITIONS = "DEBUG $(inherited)";
				SWIFT_EMIT_LOC_STRINGS = NO;
				SWIFT_VERSION = 5.0;
			};
			name = Debug;
		};
		6D29076A2A40987A008BEEDB /* Release */ = {
			isa = XCBuildConfiguration;
			buildSettings = {
				ASSETCATALOG_COMPILER_GENERATE_SWIFT_ASSET_SYMBOL_EXTENSIONS = YES;
				CODE_SIGN_STYLE = Automatic;
				CURRENT_PROJECT_VERSION = 1;
				DEVELOPMENT_TEAM = Y7ZY3GWQ29;
				ENABLE_USER_SCRIPT_SANDBOXING = YES;
				GCC_C_LANGUAGE_STANDARD = gnu17;
				GENERATE_INFOPLIST_FILE = YES;
				LOCALIZATION_PREFERS_STRING_CATALOGS = YES;
				MACOSX_DEPLOYMENT_TARGET = 13.0;
				MARKETING_VERSION = 1.0;
				PRODUCT_BUNDLE_IDENTIFIER = com.danisot.EssentialFeedEndToEndTests;
				PRODUCT_NAME = "$(TARGET_NAME)";
				SUPPORTED_PLATFORMS = "macosx iphonesimulator iphoneos";
				SWIFT_EMIT_LOC_STRINGS = NO;
				SWIFT_VERSION = 5.0;
			};
			name = Release;
		};
		6D4CA61129A0F001005CAE81 /* Debug */ = {
			isa = XCBuildConfiguration;
			buildSettings = {
				ALWAYS_SEARCH_USER_PATHS = NO;
				CLANG_ANALYZER_LOCALIZABILITY_NONLOCALIZED = YES;
				CLANG_ANALYZER_NONNULL = YES;
				CLANG_ANALYZER_NUMBER_OBJECT_CONVERSION = YES_AGGRESSIVE;
				CLANG_CXX_LANGUAGE_STANDARD = "gnu++20";
				CLANG_ENABLE_MODULES = YES;
				CLANG_ENABLE_OBJC_ARC = YES;
				CLANG_ENABLE_OBJC_WEAK = YES;
				CLANG_WARN_BLOCK_CAPTURE_AUTORELEASING = YES;
				CLANG_WARN_BOOL_CONVERSION = YES;
				CLANG_WARN_COMMA = YES;
				CLANG_WARN_CONSTANT_CONVERSION = YES;
				CLANG_WARN_DEPRECATED_OBJC_IMPLEMENTATIONS = YES;
				CLANG_WARN_DIRECT_OBJC_ISA_USAGE = YES_ERROR;
				CLANG_WARN_DOCUMENTATION_COMMENTS = YES;
				CLANG_WARN_EMPTY_BODY = YES;
				CLANG_WARN_ENUM_CONVERSION = YES;
				CLANG_WARN_INFINITE_RECURSION = YES;
				CLANG_WARN_INT_CONVERSION = YES;
				CLANG_WARN_NON_LITERAL_NULL_CONVERSION = YES;
				CLANG_WARN_OBJC_IMPLICIT_RETAIN_SELF = YES;
				CLANG_WARN_OBJC_LITERAL_CONVERSION = YES;
				CLANG_WARN_OBJC_ROOT_CLASS = YES_ERROR;
				CLANG_WARN_QUOTED_INCLUDE_IN_FRAMEWORK_HEADER = YES;
				CLANG_WARN_RANGE_LOOP_ANALYSIS = YES;
				CLANG_WARN_STRICT_PROTOTYPES = YES;
				CLANG_WARN_SUSPICIOUS_MOVE = YES;
				CLANG_WARN_UNGUARDED_AVAILABILITY = YES_AGGRESSIVE;
				CLANG_WARN_UNREACHABLE_CODE = YES;
				CLANG_WARN__DUPLICATE_METHOD_MATCH = YES;
				COPY_PHASE_STRIP = NO;
				CURRENT_PROJECT_VERSION = 1;
				DEBUG_INFORMATION_FORMAT = dwarf;
				ENABLE_STRICT_OBJC_MSGSEND = YES;
				ENABLE_TESTABILITY = YES;
				GCC_C_LANGUAGE_STANDARD = gnu11;
				GCC_DYNAMIC_NO_PIC = NO;
				GCC_NO_COMMON_BLOCKS = YES;
				GCC_OPTIMIZATION_LEVEL = 0;
				GCC_PREPROCESSOR_DEFINITIONS = (
					"DEBUG=1",
					"$(inherited)",
				);
				GCC_WARN_64_TO_32_BIT_CONVERSION = YES;
				GCC_WARN_ABOUT_RETURN_TYPE = YES_ERROR;
				GCC_WARN_UNDECLARED_SELECTOR = YES;
				GCC_WARN_UNINITIALIZED_AUTOS = YES_AGGRESSIVE;
				GCC_WARN_UNUSED_FUNCTION = YES;
				GCC_WARN_UNUSED_VARIABLE = YES;
				IPHONEOS_DEPLOYMENT_TARGET = 16.2;
				MACOSX_DEPLOYMENT_TARGET = 13.0;
				MTL_ENABLE_DEBUG_INFO = INCLUDE_SOURCE;
				MTL_FAST_MATH = YES;
				ONLY_ACTIVE_ARCH = YES;
				SDKROOT = macosx;
				SWIFT_ACTIVE_COMPILATION_CONDITIONS = DEBUG;
				SWIFT_OPTIMIZATION_LEVEL = "-Onone";
				VERSIONING_SYSTEM = "apple-generic";
				VERSION_INFO_PREFIX = "";
			};
			name = Debug;
		};
		6D4CA61229A0F001005CAE81 /* Release */ = {
			isa = XCBuildConfiguration;
			buildSettings = {
				ALWAYS_SEARCH_USER_PATHS = NO;
				CLANG_ANALYZER_LOCALIZABILITY_NONLOCALIZED = YES;
				CLANG_ANALYZER_NONNULL = YES;
				CLANG_ANALYZER_NUMBER_OBJECT_CONVERSION = YES_AGGRESSIVE;
				CLANG_CXX_LANGUAGE_STANDARD = "gnu++20";
				CLANG_ENABLE_MODULES = YES;
				CLANG_ENABLE_OBJC_ARC = YES;
				CLANG_ENABLE_OBJC_WEAK = YES;
				CLANG_WARN_BLOCK_CAPTURE_AUTORELEASING = YES;
				CLANG_WARN_BOOL_CONVERSION = YES;
				CLANG_WARN_COMMA = YES;
				CLANG_WARN_CONSTANT_CONVERSION = YES;
				CLANG_WARN_DEPRECATED_OBJC_IMPLEMENTATIONS = YES;
				CLANG_WARN_DIRECT_OBJC_ISA_USAGE = YES_ERROR;
				CLANG_WARN_DOCUMENTATION_COMMENTS = YES;
				CLANG_WARN_EMPTY_BODY = YES;
				CLANG_WARN_ENUM_CONVERSION = YES;
				CLANG_WARN_INFINITE_RECURSION = YES;
				CLANG_WARN_INT_CONVERSION = YES;
				CLANG_WARN_NON_LITERAL_NULL_CONVERSION = YES;
				CLANG_WARN_OBJC_IMPLICIT_RETAIN_SELF = YES;
				CLANG_WARN_OBJC_LITERAL_CONVERSION = YES;
				CLANG_WARN_OBJC_ROOT_CLASS = YES_ERROR;
				CLANG_WARN_QUOTED_INCLUDE_IN_FRAMEWORK_HEADER = YES;
				CLANG_WARN_RANGE_LOOP_ANALYSIS = YES;
				CLANG_WARN_STRICT_PROTOTYPES = YES;
				CLANG_WARN_SUSPICIOUS_MOVE = YES;
				CLANG_WARN_UNGUARDED_AVAILABILITY = YES_AGGRESSIVE;
				CLANG_WARN_UNREACHABLE_CODE = YES;
				CLANG_WARN__DUPLICATE_METHOD_MATCH = YES;
				COPY_PHASE_STRIP = NO;
				CURRENT_PROJECT_VERSION = 1;
				DEBUG_INFORMATION_FORMAT = "dwarf-with-dsym";
				ENABLE_NS_ASSERTIONS = NO;
				ENABLE_STRICT_OBJC_MSGSEND = YES;
				GCC_C_LANGUAGE_STANDARD = gnu11;
				GCC_NO_COMMON_BLOCKS = YES;
				GCC_WARN_64_TO_32_BIT_CONVERSION = YES;
				GCC_WARN_ABOUT_RETURN_TYPE = YES_ERROR;
				GCC_WARN_UNDECLARED_SELECTOR = YES;
				GCC_WARN_UNINITIALIZED_AUTOS = YES_AGGRESSIVE;
				GCC_WARN_UNUSED_FUNCTION = YES;
				GCC_WARN_UNUSED_VARIABLE = YES;
				IPHONEOS_DEPLOYMENT_TARGET = 16.2;
				MACOSX_DEPLOYMENT_TARGET = 13.0;
				MTL_ENABLE_DEBUG_INFO = NO;
				MTL_FAST_MATH = YES;
				SDKROOT = macosx;
				SWIFT_COMPILATION_MODE = wholemodule;
				SWIFT_OPTIMIZATION_LEVEL = "-O";
				VERSIONING_SYSTEM = "apple-generic";
				VERSION_INFO_PREFIX = "";
			};
			name = Release;
		};
		6D4CA61429A0F001005CAE81 /* Debug */ = {
			isa = XCBuildConfiguration;
			buildSettings = {
				CLANG_ENABLE_MODULES = YES;
				CODE_SIGN_STYLE = Automatic;
				COMBINE_HIDPI_IMAGES = YES;
				CURRENT_PROJECT_VERSION = 1;
				DEFINES_MODULE = YES;
				DEVELOPMENT_TEAM = Y7ZY3GWQ29;
				DYLIB_COMPATIBILITY_VERSION = 1;
				DYLIB_CURRENT_VERSION = 1;
				DYLIB_INSTALL_NAME_BASE = "@rpath";
				GENERATE_INFOPLIST_FILE = YES;
				INFOPLIST_KEY_NSHumanReadableCopyright = "";
				INSTALL_PATH = "$(LOCAL_LIBRARY_DIR)/Frameworks";
				LD_RUNPATH_SEARCH_PATHS = (
					"$(inherited)",
					"@executable_path/../Frameworks",
					"@loader_path/Frameworks",
				);
				MARKETING_VERSION = 1.0;
				PRODUCT_BUNDLE_IDENTIFIER = com.danisot.EssentialFeed;
				PRODUCT_NAME = "$(TARGET_NAME:c99extidentifier)";
				SKIP_INSTALL = YES;
				SUPPORTED_PLATFORMS = "macosx iphonesimulator iphoneos";
				SWIFT_EMIT_LOC_STRINGS = YES;
				SWIFT_OPTIMIZATION_LEVEL = "-Onone";
				SWIFT_VERSION = 5.0;
			};
			name = Debug;
		};
		6D4CA61529A0F001005CAE81 /* Release */ = {
			isa = XCBuildConfiguration;
			buildSettings = {
				CLANG_ENABLE_MODULES = YES;
				CODE_SIGN_STYLE = Automatic;
				COMBINE_HIDPI_IMAGES = YES;
				CURRENT_PROJECT_VERSION = 1;
				DEFINES_MODULE = YES;
				DEVELOPMENT_TEAM = Y7ZY3GWQ29;
				DYLIB_COMPATIBILITY_VERSION = 1;
				DYLIB_CURRENT_VERSION = 1;
				DYLIB_INSTALL_NAME_BASE = "@rpath";
				GENERATE_INFOPLIST_FILE = YES;
				INFOPLIST_KEY_NSHumanReadableCopyright = "";
				INSTALL_PATH = "$(LOCAL_LIBRARY_DIR)/Frameworks";
				LD_RUNPATH_SEARCH_PATHS = (
					"$(inherited)",
					"@executable_path/../Frameworks",
					"@loader_path/Frameworks",
				);
				MARKETING_VERSION = 1.0;
				PRODUCT_BUNDLE_IDENTIFIER = com.danisot.EssentialFeed;
				PRODUCT_NAME = "$(TARGET_NAME:c99extidentifier)";
				SKIP_INSTALL = YES;
				SUPPORTED_PLATFORMS = "macosx iphonesimulator iphoneos";
				SWIFT_EMIT_LOC_STRINGS = YES;
				SWIFT_VERSION = 5.0;
			};
			name = Release;
		};
		6D4CA61729A0F001005CAE81 /* Debug */ = {
			isa = XCBuildConfiguration;
			buildSettings = {
				ALWAYS_EMBED_SWIFT_STANDARD_LIBRARIES = YES;
				CODE_SIGN_STYLE = Automatic;
				CURRENT_PROJECT_VERSION = 1;
				DEVELOPMENT_TEAM = Y7ZY3GWQ29;
				GENERATE_INFOPLIST_FILE = YES;
				MARKETING_VERSION = 1.0;
				PRODUCT_BUNDLE_IDENTIFIER = com.danisot.EssentialFeedTests;
				PRODUCT_NAME = "$(TARGET_NAME)";
				SUPPORTED_PLATFORMS = "macosx iphonesimulator iphoneos";
				SWIFT_EMIT_LOC_STRINGS = NO;
				SWIFT_VERSION = 5.0;
			};
			name = Debug;
		};
		6D4CA61829A0F001005CAE81 /* Release */ = {
			isa = XCBuildConfiguration;
			buildSettings = {
				ALWAYS_EMBED_SWIFT_STANDARD_LIBRARIES = YES;
				CODE_SIGN_STYLE = Automatic;
				CURRENT_PROJECT_VERSION = 1;
				DEVELOPMENT_TEAM = Y7ZY3GWQ29;
				GENERATE_INFOPLIST_FILE = YES;
				MARKETING_VERSION = 1.0;
				PRODUCT_BUNDLE_IDENTIFIER = com.danisot.EssentialFeedTests;
				PRODUCT_NAME = "$(TARGET_NAME)";
				SUPPORTED_PLATFORMS = "macosx iphonesimulator iphoneos";
				SWIFT_EMIT_LOC_STRINGS = NO;
				SWIFT_VERSION = 5.0;
			};
			name = Release;
		};
		6D8298392A5ED3C100C3E84D /* Debug */ = {
			isa = XCBuildConfiguration;
			buildSettings = {
				ASSETCATALOG_COMPILER_GENERATE_SWIFT_ASSET_SYMBOL_EXTENSIONS = YES;
				CLANG_ENABLE_MODULES = YES;
				CODE_SIGN_STYLE = Automatic;
				CURRENT_PROJECT_VERSION = 1;
				DEFINES_MODULE = YES;
				DEVELOPMENT_TEAM = Y7ZY3GWQ29;
				DYLIB_COMPATIBILITY_VERSION = 1;
				DYLIB_CURRENT_VERSION = 1;
				DYLIB_INSTALL_NAME_BASE = "@rpath";
				ENABLE_MODULE_VERIFIER = YES;
				ENABLE_USER_SCRIPT_SANDBOXING = YES;
				GCC_C_LANGUAGE_STANDARD = gnu17;
				GENERATE_INFOPLIST_FILE = YES;
				INFOPLIST_KEY_NSHumanReadableCopyright = "";
				INSTALL_PATH = "$(LOCAL_LIBRARY_DIR)/Frameworks";
				IPHONEOS_DEPLOYMENT_TARGET = 16.2;
				LD_RUNPATH_SEARCH_PATHS = (
					"$(inherited)",
					"@executable_path/Frameworks",
					"@loader_path/Frameworks",
				);
				LOCALIZATION_PREFERS_STRING_CATALOGS = YES;
				MARKETING_VERSION = 1.0;
				MODULE_VERIFIER_SUPPORTED_LANGUAGES = "objective-c objective-c++";
				MODULE_VERIFIER_SUPPORTED_LANGUAGE_STANDARDS = "gnu17 gnu++20";
				PRODUCT_BUNDLE_IDENTIFIER = com.danisot.EssentialFeediOS;
				PRODUCT_NAME = "$(TARGET_NAME:c99extidentifier)";
				SDKROOT = iphoneos;
				SKIP_INSTALL = YES;
				SUPPORTED_PLATFORMS = "iphoneos iphonesimulator";
				SUPPORTS_MACCATALYST = NO;
				SUPPORTS_MAC_DESIGNED_FOR_IPHONE_IPAD = NO;
				SWIFT_ACTIVE_COMPILATION_CONDITIONS = "DEBUG $(inherited)";
				SWIFT_EMIT_LOC_STRINGS = YES;
				SWIFT_OPTIMIZATION_LEVEL = "-Onone";
				SWIFT_VERSION = 5.0;
				TARGETED_DEVICE_FAMILY = "1,2";
			};
			name = Debug;
		};
		6D82983A2A5ED3C100C3E84D /* Release */ = {
			isa = XCBuildConfiguration;
			buildSettings = {
				ASSETCATALOG_COMPILER_GENERATE_SWIFT_ASSET_SYMBOL_EXTENSIONS = YES;
				CLANG_ENABLE_MODULES = YES;
				CODE_SIGN_STYLE = Automatic;
				CURRENT_PROJECT_VERSION = 1;
				DEFINES_MODULE = YES;
				DEVELOPMENT_TEAM = Y7ZY3GWQ29;
				DYLIB_COMPATIBILITY_VERSION = 1;
				DYLIB_CURRENT_VERSION = 1;
				DYLIB_INSTALL_NAME_BASE = "@rpath";
				ENABLE_MODULE_VERIFIER = YES;
				ENABLE_USER_SCRIPT_SANDBOXING = YES;
				GCC_C_LANGUAGE_STANDARD = gnu17;
				GENERATE_INFOPLIST_FILE = YES;
				INFOPLIST_KEY_NSHumanReadableCopyright = "";
				INSTALL_PATH = "$(LOCAL_LIBRARY_DIR)/Frameworks";
				IPHONEOS_DEPLOYMENT_TARGET = 16.2;
				LD_RUNPATH_SEARCH_PATHS = (
					"$(inherited)",
					"@executable_path/Frameworks",
					"@loader_path/Frameworks",
				);
				LOCALIZATION_PREFERS_STRING_CATALOGS = YES;
				MARKETING_VERSION = 1.0;
				MODULE_VERIFIER_SUPPORTED_LANGUAGES = "objective-c objective-c++";
				MODULE_VERIFIER_SUPPORTED_LANGUAGE_STANDARDS = "gnu17 gnu++20";
				PRODUCT_BUNDLE_IDENTIFIER = com.danisot.EssentialFeediOS;
				PRODUCT_NAME = "$(TARGET_NAME:c99extidentifier)";
				SDKROOT = iphoneos;
				SKIP_INSTALL = YES;
				SUPPORTED_PLATFORMS = "iphoneos iphonesimulator";
				SUPPORTS_MACCATALYST = NO;
				SUPPORTS_MAC_DESIGNED_FOR_IPHONE_IPAD = NO;
				SWIFT_EMIT_LOC_STRINGS = YES;
				SWIFT_VERSION = 5.0;
				TARGETED_DEVICE_FAMILY = "1,2";
				VALIDATE_PRODUCT = YES;
			};
			name = Release;
		};
		6D82983B2A5ED3C100C3E84D /* Debug */ = {
			isa = XCBuildConfiguration;
			buildSettings = {
				ALWAYS_EMBED_SWIFT_STANDARD_LIBRARIES = YES;
				ASSETCATALOG_COMPILER_GENERATE_SWIFT_ASSET_SYMBOL_EXTENSIONS = YES;
				CLANG_ENABLE_MODULES = YES;
				CODE_SIGN_STYLE = Automatic;
				CURRENT_PROJECT_VERSION = 1;
				DEVELOPMENT_TEAM = Y7ZY3GWQ29;
				ENABLE_USER_SCRIPT_SANDBOXING = YES;
				GCC_C_LANGUAGE_STANDARD = gnu17;
				GENERATE_INFOPLIST_FILE = YES;
				IPHONEOS_DEPLOYMENT_TARGET = 16.2;
				LOCALIZATION_PREFERS_STRING_CATALOGS = YES;
				MARKETING_VERSION = 1.0;
				PRODUCT_BUNDLE_IDENTIFIER = com.danisot.EssentialFeediOSTests;
				PRODUCT_NAME = "$(TARGET_NAME)";
				SDKROOT = iphoneos;
				SUPPORTED_PLATFORMS = "iphoneos iphonesimulator";
				SUPPORTS_MACCATALYST = NO;
				SUPPORTS_MAC_DESIGNED_FOR_IPHONE_IPAD = NO;
				SWIFT_ACTIVE_COMPILATION_CONDITIONS = "DEBUG $(inherited)";
				SWIFT_EMIT_LOC_STRINGS = NO;
				SWIFT_OPTIMIZATION_LEVEL = "-Onone";
				SWIFT_VERSION = 5.0;
				TARGETED_DEVICE_FAMILY = "1,2";
			};
			name = Debug;
		};
		6D82983C2A5ED3C100C3E84D /* Release */ = {
			isa = XCBuildConfiguration;
			buildSettings = {
				ALWAYS_EMBED_SWIFT_STANDARD_LIBRARIES = YES;
				ASSETCATALOG_COMPILER_GENERATE_SWIFT_ASSET_SYMBOL_EXTENSIONS = YES;
				CLANG_ENABLE_MODULES = YES;
				CODE_SIGN_STYLE = Automatic;
				CURRENT_PROJECT_VERSION = 1;
				DEVELOPMENT_TEAM = Y7ZY3GWQ29;
				ENABLE_USER_SCRIPT_SANDBOXING = YES;
				GCC_C_LANGUAGE_STANDARD = gnu17;
				GENERATE_INFOPLIST_FILE = YES;
				IPHONEOS_DEPLOYMENT_TARGET = 16.2;
				LOCALIZATION_PREFERS_STRING_CATALOGS = YES;
				MARKETING_VERSION = 1.0;
				PRODUCT_BUNDLE_IDENTIFIER = com.danisot.EssentialFeediOSTests;
				PRODUCT_NAME = "$(TARGET_NAME)";
				SDKROOT = iphoneos;
				SUPPORTED_PLATFORMS = "iphoneos iphonesimulator";
				SUPPORTS_MACCATALYST = NO;
				SUPPORTS_MAC_DESIGNED_FOR_IPHONE_IPAD = NO;
				SWIFT_EMIT_LOC_STRINGS = NO;
				SWIFT_VERSION = 5.0;
				TARGETED_DEVICE_FAMILY = "1,2";
				VALIDATE_PRODUCT = YES;
			};
			name = Release;
		};
		6D8BC8BC2A55CABF00CD29E3 /* Debug */ = {
			isa = XCBuildConfiguration;
			buildSettings = {
				ASSETCATALOG_COMPILER_GENERATE_SWIFT_ASSET_SYMBOL_EXTENSIONS = YES;
				CODE_SIGN_STYLE = Automatic;
				CURRENT_PROJECT_VERSION = 1;
				DEVELOPMENT_TEAM = Y7ZY3GWQ29;
				ENABLE_USER_SCRIPT_SANDBOXING = YES;
				GCC_C_LANGUAGE_STANDARD = gnu17;
				GENERATE_INFOPLIST_FILE = YES;
				LOCALIZATION_PREFERS_STRING_CATALOGS = YES;
				MACOSX_DEPLOYMENT_TARGET = 13.0;
				MARKETING_VERSION = 1.0;
				PRODUCT_BUNDLE_IDENTIFIER = com.danisot.EssentialFeedCacheIntegrationTests;
				PRODUCT_NAME = "$(TARGET_NAME)";
				SUPPORTED_PLATFORMS = "macosx iphonesimulator iphoneos";
				SWIFT_ACTIVE_COMPILATION_CONDITIONS = "DEBUG $(inherited)";
				SWIFT_EMIT_LOC_STRINGS = NO;
				SWIFT_VERSION = 5.0;
			};
			name = Debug;
		};
		6D8BC8BD2A55CABF00CD29E3 /* Release */ = {
			isa = XCBuildConfiguration;
			buildSettings = {
				ASSETCATALOG_COMPILER_GENERATE_SWIFT_ASSET_SYMBOL_EXTENSIONS = YES;
				CODE_SIGN_STYLE = Automatic;
				CURRENT_PROJECT_VERSION = 1;
				DEVELOPMENT_TEAM = Y7ZY3GWQ29;
				ENABLE_USER_SCRIPT_SANDBOXING = YES;
				GCC_C_LANGUAGE_STANDARD = gnu17;
				GENERATE_INFOPLIST_FILE = YES;
				LOCALIZATION_PREFERS_STRING_CATALOGS = YES;
				MACOSX_DEPLOYMENT_TARGET = 13.0;
				MARKETING_VERSION = 1.0;
				PRODUCT_BUNDLE_IDENTIFIER = com.danisot.EssentialFeedCacheIntegrationTests;
				PRODUCT_NAME = "$(TARGET_NAME)";
				SUPPORTED_PLATFORMS = "macosx iphonesimulator iphoneos";
				SWIFT_EMIT_LOC_STRINGS = NO;
				SWIFT_VERSION = 5.0;
			};
			name = Release;
		};
/* End XCBuildConfiguration section */

/* Begin XCConfigurationList section */
		6D29076B2A40987A008BEEDB /* Build configuration list for PBXNativeTarget "EssentialFeedAPIEndToEndTests" */ = {
			isa = XCConfigurationList;
			buildConfigurations = (
				6D2907692A40987A008BEEDB /* Debug */,
				6D29076A2A40987A008BEEDB /* Release */,
			);
			defaultConfigurationIsVisible = 0;
			defaultConfigurationName = Release;
		};
		6D4CA5FB29A0F001005CAE81 /* Build configuration list for PBXProject "EssentialFeed" */ = {
			isa = XCConfigurationList;
			buildConfigurations = (
				6D4CA61129A0F001005CAE81 /* Debug */,
				6D4CA61229A0F001005CAE81 /* Release */,
			);
			defaultConfigurationIsVisible = 0;
			defaultConfigurationName = Release;
		};
		6D4CA61329A0F001005CAE81 /* Build configuration list for PBXNativeTarget "EssentialFeed" */ = {
			isa = XCConfigurationList;
			buildConfigurations = (
				6D4CA61429A0F001005CAE81 /* Debug */,
				6D4CA61529A0F001005CAE81 /* Release */,
			);
			defaultConfigurationIsVisible = 0;
			defaultConfigurationName = Release;
		};
		6D4CA61629A0F001005CAE81 /* Build configuration list for PBXNativeTarget "EssentialFeedTests" */ = {
			isa = XCConfigurationList;
			buildConfigurations = (
				6D4CA61729A0F001005CAE81 /* Debug */,
				6D4CA61829A0F001005CAE81 /* Release */,
			);
			defaultConfigurationIsVisible = 0;
			defaultConfigurationName = Release;
		};
		6D82983D2A5ED3C100C3E84D /* Build configuration list for PBXNativeTarget "EssentialFeediOS" */ = {
			isa = XCConfigurationList;
			buildConfigurations = (
				6D8298392A5ED3C100C3E84D /* Debug */,
				6D82983A2A5ED3C100C3E84D /* Release */,
			);
			defaultConfigurationIsVisible = 0;
			defaultConfigurationName = Release;
		};
		6D82983E2A5ED3C100C3E84D /* Build configuration list for PBXNativeTarget "EssentialFeediOSTests" */ = {
			isa = XCConfigurationList;
			buildConfigurations = (
				6D82983B2A5ED3C100C3E84D /* Debug */,
				6D82983C2A5ED3C100C3E84D /* Release */,
			);
			defaultConfigurationIsVisible = 0;
			defaultConfigurationName = Release;
		};
		6D8BC8BB2A55CABF00CD29E3 /* Build configuration list for PBXNativeTarget "EssentialFeedCacheIntegrationTests" */ = {
			isa = XCConfigurationList;
			buildConfigurations = (
				6D8BC8BC2A55CABF00CD29E3 /* Debug */,
				6D8BC8BD2A55CABF00CD29E3 /* Release */,
			);
			defaultConfigurationIsVisible = 0;
			defaultConfigurationName = Release;
		};
/* End XCConfigurationList section */

/* Begin XCVersionGroup section */
		6D8BC8A22A55A4C500CD29E3 /* FeedStore.xcdatamodeld */ = {
			isa = XCVersionGroup;
			children = (
				6D5494DD2A824D060016BEA9 /* FeedStore 2.xcdatamodel */,
				6D8BC8A32A55A4C500CD29E3 /* FeedStore.xcdatamodel */,
			);
			currentVersion = 6D5494DD2A824D060016BEA9 /* FeedStore 2.xcdatamodel */;
			path = FeedStore.xcdatamodeld;
			sourceTree = "<group>";
			versionGroupType = wrapper.xcdatamodel;
		};
/* End XCVersionGroup section */
	};
	rootObject = 6D4CA5F829A0F001005CAE81 /* Project object */;
}
