// !$*UTF8*$!
{
	archiveVersion = 1;
	classes = {
	};
	objectVersion = 56;
	objects = {

/* Begin PBXBuildFile section */
		6D2907652A40987A008BEEDB /* EssentialFeedEndToEndTests.swift in Sources */ = {isa = PBXBuildFile; fileRef = 6D2907642A409879008BEEDB /* EssentialFeedEndToEndTests.swift */; };
		6D2907662A40987A008BEEDB /* EssentialFeed.framework in Frameworks */ = {isa = PBXBuildFile; fileRef = 6D4CA60129A0F001005CAE81 /* EssentialFeed.framework */; };
		6D29076C2A40A6D1008BEEDB /* XCTestCase+MemoryLeakTracking.swift in Sources */ = {isa = PBXBuildFile; fileRef = 6D660EA22A40491600B4634B /* XCTestCase+MemoryLeakTracking.swift */; };
		6D3717EB2A4EECD80091C299 /* FeedStoreSpecs.swift in Sources */ = {isa = PBXBuildFile; fileRef = 6D3717EA2A4EECD80091C299 /* FeedStoreSpecs.swift */; };
		6D4639952A48864A007F0CE1 /* RemoteFeedItem.swift in Sources */ = {isa = PBXBuildFile; fileRef = 6D4639942A48864A007F0CE1 /* RemoteFeedItem.swift */; };
		6D4639972A4886B9007F0CE1 /* LocalFeedImage.swift in Sources */ = {isa = PBXBuildFile; fileRef = 6D4639962A4886B9007F0CE1 /* LocalFeedImage.swift */; };
		6D4639992A48924A007F0CE1 /* LoadFeedFromCacheUseCaseTests.swift in Sources */ = {isa = PBXBuildFile; fileRef = 6D4639982A48924A007F0CE1 /* LoadFeedFromCacheUseCaseTests.swift */; };
		6D46399C2A489696007F0CE1 /* FeedStoreSpy.swift in Sources */ = {isa = PBXBuildFile; fileRef = 6D46399B2A489696007F0CE1 /* FeedStoreSpy.swift */; };
		6D4CA60A29A0F001005CAE81 /* EssentialFeed.framework in Frameworks */ = {isa = PBXBuildFile; fileRef = 6D4CA60129A0F001005CAE81 /* EssentialFeed.framework */; };
		6D4CA61A29A0F1BF005CAE81 /* FeedImage.swift in Sources */ = {isa = PBXBuildFile; fileRef = 6D4CA61929A0F1BF005CAE81 /* FeedImage.swift */; };
		6D4CA61C29A0F38E005CAE81 /* FeedLoader.swift in Sources */ = {isa = PBXBuildFile; fileRef = 6D4CA61B29A0F38E005CAE81 /* FeedLoader.swift */; };
		6D4CA61F29A12EA5005CAE81 /* LoadFeedFromRemoteUseCaseTests.swift in Sources */ = {isa = PBXBuildFile; fileRef = 6D4CA61E29A12EA5005CAE81 /* LoadFeedFromRemoteUseCaseTests.swift */; };
		6D4CA62229A13EE1005CAE81 /* RemoteFeedLoader.swift in Sources */ = {isa = PBXBuildFile; fileRef = 6D4CA62129A13EE1005CAE81 /* RemoteFeedLoader.swift */; };
		6D660EA32A40491600B4634B /* XCTestCase+MemoryLeakTracking.swift in Sources */ = {isa = PBXBuildFile; fileRef = 6D660EA22A40491600B4634B /* XCTestCase+MemoryLeakTracking.swift */; };
		6D660EA52A406E9F00B4634B /* URLSessionHTTPClient.swift in Sources */ = {isa = PBXBuildFile; fileRef = 6D660EA42A406E9F00B4634B /* URLSessionHTTPClient.swift */; };
		6D769AAA2A42FD10003F2D60 /* CacheFeedUseCaseTests.swift in Sources */ = {isa = PBXBuildFile; fileRef = 6D769AA92A42FD10003F2D60 /* CacheFeedUseCaseTests.swift */; };
		6D7ACCB12A4EDC2C002B3445 /* CodableFeedStore.swift in Sources */ = {isa = PBXBuildFile; fileRef = 6D7ACCB02A4EDC2C002B3445 /* CodableFeedStore.swift */; };
		6D9977BA2A4D862500F63DA3 /* ValidateFeedCacheUseCaseTests.swift in Sources */ = {isa = PBXBuildFile; fileRef = 6D9977B92A4D862500F63DA3 /* ValidateFeedCacheUseCaseTests.swift */; };
		6D9977BC2A4D8B0200F63DA3 /* FeedCacheTestHelpers.swift in Sources */ = {isa = PBXBuildFile; fileRef = 6D9977BB2A4D8B0200F63DA3 /* FeedCacheTestHelpers.swift */; };
		6D9977BE2A4D8BA500F63DA3 /* SharedTestHelpers.swift in Sources */ = {isa = PBXBuildFile; fileRef = 6D9977BD2A4D8BA500F63DA3 /* SharedTestHelpers.swift */; };
		6D9977C02A4D9B3900F63DA3 /* FeedCachePolicy.swift in Sources */ = {isa = PBXBuildFile; fileRef = 6D9977BF2A4D9B3900F63DA3 /* FeedCachePolicy.swift */; };
		6D9977C22A4DCECD00F63DA3 /* CodableFeedStoreTests.swift in Sources */ = {isa = PBXBuildFile; fileRef = 6D9977C12A4DCECD00F63DA3 /* CodableFeedStoreTests.swift */; };
		6DB82BA52A0576F30005EFA3 /* URLSessionHTTPClientTests.swift in Sources */ = {isa = PBXBuildFile; fileRef = 6DB82BA42A0576F30005EFA3 /* URLSessionHTTPClientTests.swift */; };
		6DB830A72A45D93D00BDC45B /* LocalFeedLoader.swift in Sources */ = {isa = PBXBuildFile; fileRef = 6DB830A62A45D93D00BDC45B /* LocalFeedLoader.swift */; };
		6DB830A92A45D9D300BDC45B /* FeedStore.swift in Sources */ = {isa = PBXBuildFile; fileRef = 6DB830A82A45D9D300BDC45B /* FeedStore.swift */; };
		6DF1DFC029E06BB300EE56C2 /* HTTPClient.swift in Sources */ = {isa = PBXBuildFile; fileRef = 6DF1DFBF29E06BB300EE56C2 /* HTTPClient.swift */; };
		6DF1DFC229E06C3600EE56C2 /* FeedItemsMapper.swift in Sources */ = {isa = PBXBuildFile; fileRef = 6DF1DFC129E06C3600EE56C2 /* FeedItemsMapper.swift */; };
/* End PBXBuildFile section */

/* Begin PBXContainerItemProxy section */
		6D2907672A40987A008BEEDB /* PBXContainerItemProxy */ = {
			isa = PBXContainerItemProxy;
			containerPortal = 6D4CA5F829A0F001005CAE81 /* Project object */;
			proxyType = 1;
			remoteGlobalIDString = 6D4CA60029A0F001005CAE81;
			remoteInfo = EssentialFeed;
		};
		6D4CA60B29A0F001005CAE81 /* PBXContainerItemProxy */ = {
			isa = PBXContainerItemProxy;
			containerPortal = 6D4CA5F829A0F001005CAE81 /* Project object */;
			proxyType = 1;
			remoteGlobalIDString = 6D4CA60029A0F001005CAE81;
			remoteInfo = EssentialFeed;
		};
/* End PBXContainerItemProxy section */

/* Begin PBXFileReference section */
		6D2907622A409879008BEEDB /* EssentialFeedEndToEndTests.xctest */ = {isa = PBXFileReference; explicitFileType = wrapper.cfbundle; includeInIndex = 0; path = EssentialFeedEndToEndTests.xctest; sourceTree = BUILT_PRODUCTS_DIR; };
		6D2907642A409879008BEEDB /* EssentialFeedEndToEndTests.swift */ = {isa = PBXFileReference; lastKnownFileType = sourcecode.swift; path = EssentialFeedEndToEndTests.swift; sourceTree = "<group>"; };
		6D29076D2A40A883008BEEDB /* CI.xctestplan */ = {isa = PBXFileReference; lastKnownFileType = text; path = CI.xctestplan; sourceTree = "<group>"; };
		6D3717EA2A4EECD80091C299 /* FeedStoreSpecs.swift */ = {isa = PBXFileReference; lastKnownFileType = sourcecode.swift; path = FeedStoreSpecs.swift; sourceTree = "<group>"; };
		6D4639942A48864A007F0CE1 /* RemoteFeedItem.swift */ = {isa = PBXFileReference; lastKnownFileType = sourcecode.swift; path = RemoteFeedItem.swift; sourceTree = "<group>"; };
		6D4639962A4886B9007F0CE1 /* LocalFeedImage.swift */ = {isa = PBXFileReference; lastKnownFileType = sourcecode.swift; path = LocalFeedImage.swift; sourceTree = "<group>"; };
		6D4639982A48924A007F0CE1 /* LoadFeedFromCacheUseCaseTests.swift */ = {isa = PBXFileReference; lastKnownFileType = sourcecode.swift; path = LoadFeedFromCacheUseCaseTests.swift; sourceTree = "<group>"; };
		6D46399B2A489696007F0CE1 /* FeedStoreSpy.swift */ = {isa = PBXFileReference; lastKnownFileType = sourcecode.swift; path = FeedStoreSpy.swift; sourceTree = "<group>"; };
		6D4CA60129A0F001005CAE81 /* EssentialFeed.framework */ = {isa = PBXFileReference; explicitFileType = wrapper.framework; includeInIndex = 0; path = EssentialFeed.framework; sourceTree = BUILT_PRODUCTS_DIR; };
		6D4CA60929A0F001005CAE81 /* EssentialFeedTests.xctest */ = {isa = PBXFileReference; explicitFileType = wrapper.cfbundle; includeInIndex = 0; path = EssentialFeedTests.xctest; sourceTree = BUILT_PRODUCTS_DIR; };
		6D4CA61929A0F1BF005CAE81 /* FeedImage.swift */ = {isa = PBXFileReference; lastKnownFileType = sourcecode.swift; path = FeedImage.swift; sourceTree = "<group>"; };
		6D4CA61B29A0F38E005CAE81 /* FeedLoader.swift */ = {isa = PBXFileReference; lastKnownFileType = sourcecode.swift; path = FeedLoader.swift; sourceTree = "<group>"; };
		6D4CA61E29A12EA5005CAE81 /* LoadFeedFromRemoteUseCaseTests.swift */ = {isa = PBXFileReference; lastKnownFileType = sourcecode.swift; path = LoadFeedFromRemoteUseCaseTests.swift; sourceTree = "<group>"; };
		6D4CA62129A13EE1005CAE81 /* RemoteFeedLoader.swift */ = {isa = PBXFileReference; lastKnownFileType = sourcecode.swift; path = RemoteFeedLoader.swift; sourceTree = "<group>"; };
		6D660EA22A40491600B4634B /* XCTestCase+MemoryLeakTracking.swift */ = {isa = PBXFileReference; lastKnownFileType = sourcecode.swift; path = "XCTestCase+MemoryLeakTracking.swift"; sourceTree = "<group>"; };
		6D660EA42A406E9F00B4634B /* URLSessionHTTPClient.swift */ = {isa = PBXFileReference; lastKnownFileType = sourcecode.swift; path = URLSessionHTTPClient.swift; sourceTree = "<group>"; };
		6D660EA62A40958300B4634B /* EssentialFeed.xctestplan */ = {isa = PBXFileReference; lastKnownFileType = text; path = EssentialFeed.xctestplan; sourceTree = "<group>"; };
		6D769AA92A42FD10003F2D60 /* CacheFeedUseCaseTests.swift */ = {isa = PBXFileReference; lastKnownFileType = sourcecode.swift; path = CacheFeedUseCaseTests.swift; sourceTree = "<group>"; };
		6D7ACCB02A4EDC2C002B3445 /* CodableFeedStore.swift */ = {isa = PBXFileReference; lastKnownFileType = sourcecode.swift; path = CodableFeedStore.swift; sourceTree = "<group>"; };
		6D9977B92A4D862500F63DA3 /* ValidateFeedCacheUseCaseTests.swift */ = {isa = PBXFileReference; lastKnownFileType = sourcecode.swift; path = ValidateFeedCacheUseCaseTests.swift; sourceTree = "<group>"; };
		6D9977BB2A4D8B0200F63DA3 /* FeedCacheTestHelpers.swift */ = {isa = PBXFileReference; lastKnownFileType = sourcecode.swift; path = FeedCacheTestHelpers.swift; sourceTree = "<group>"; };
		6D9977BD2A4D8BA500F63DA3 /* SharedTestHelpers.swift */ = {isa = PBXFileReference; lastKnownFileType = sourcecode.swift; path = SharedTestHelpers.swift; sourceTree = "<group>"; };
		6D9977BF2A4D9B3900F63DA3 /* FeedCachePolicy.swift */ = {isa = PBXFileReference; lastKnownFileType = sourcecode.swift; path = FeedCachePolicy.swift; sourceTree = "<group>"; };
		6D9977C12A4DCECD00F63DA3 /* CodableFeedStoreTests.swift */ = {isa = PBXFileReference; lastKnownFileType = sourcecode.swift; path = CodableFeedStoreTests.swift; sourceTree = "<group>"; };
		6DB82BA42A0576F30005EFA3 /* URLSessionHTTPClientTests.swift */ = {isa = PBXFileReference; lastKnownFileType = sourcecode.swift; path = URLSessionHTTPClientTests.swift; sourceTree = "<group>"; };
		6DB830A62A45D93D00BDC45B /* LocalFeedLoader.swift */ = {isa = PBXFileReference; lastKnownFileType = sourcecode.swift; path = LocalFeedLoader.swift; sourceTree = "<group>"; };
		6DB830A82A45D9D300BDC45B /* FeedStore.swift */ = {isa = PBXFileReference; lastKnownFileType = sourcecode.swift; path = FeedStore.swift; sourceTree = "<group>"; };
		6DF1DFBF29E06BB300EE56C2 /* HTTPClient.swift */ = {isa = PBXFileReference; lastKnownFileType = sourcecode.swift; path = HTTPClient.swift; sourceTree = "<group>"; };
		6DF1DFC129E06C3600EE56C2 /* FeedItemsMapper.swift */ = {isa = PBXFileReference; lastKnownFileType = sourcecode.swift; path = FeedItemsMapper.swift; sourceTree = "<group>"; };
/* End PBXFileReference section */

/* Begin PBXFrameworksBuildPhase section */
		6D29075F2A409879008BEEDB /* Frameworks */ = {
			isa = PBXFrameworksBuildPhase;
			buildActionMask = 2147483647;
			files = (
				6D2907662A40987A008BEEDB /* EssentialFeed.framework in Frameworks */,
			);
			runOnlyForDeploymentPostprocessing = 0;
		};
		6D4CA5FE29A0F001005CAE81 /* Frameworks */ = {
			isa = PBXFrameworksBuildPhase;
			buildActionMask = 2147483647;
			files = (
			);
			runOnlyForDeploymentPostprocessing = 0;
		};
		6D4CA60629A0F001005CAE81 /* Frameworks */ = {
			isa = PBXFrameworksBuildPhase;
			buildActionMask = 2147483647;
			files = (
				6D4CA60A29A0F001005CAE81 /* EssentialFeed.framework in Frameworks */,
			);
			runOnlyForDeploymentPostprocessing = 0;
		};
/* End PBXFrameworksBuildPhase section */

/* Begin PBXGroup section */
		6D2907632A409879008BEEDB /* EssentialFeedEndToEndTests */ = {
			isa = PBXGroup;
			children = (
				6D2907642A409879008BEEDB /* EssentialFeedEndToEndTests.swift */,
			);
			path = EssentialFeedEndToEndTests;
			sourceTree = "<group>";
		};
		6D46399A2A489684007F0CE1 /* Helpers */ = {
			isa = PBXGroup;
			children = (
				6D46399B2A489696007F0CE1 /* FeedStoreSpy.swift */,
				6D9977BB2A4D8B0200F63DA3 /* FeedCacheTestHelpers.swift */,
			);
			path = Helpers;
			sourceTree = "<group>";
		};
		6D4CA5F729A0F001005CAE81 = {
			isa = PBXGroup;
			children = (
				6D29076D2A40A883008BEEDB /* CI.xctestplan */,
				6D660EA62A40958300B4634B /* EssentialFeed.xctestplan */,
				6D4CA60329A0F001005CAE81 /* EssentialFeed */,
				6D4CA60D29A0F001005CAE81 /* EssentialFeedTests */,
				6D2907632A409879008BEEDB /* EssentialFeedEndToEndTests */,
				6D4CA60229A0F001005CAE81 /* Products */,
			);
			sourceTree = "<group>";
		};
		6D4CA60229A0F001005CAE81 /* Products */ = {
			isa = PBXGroup;
			children = (
				6D4CA60129A0F001005CAE81 /* EssentialFeed.framework */,
				6D4CA60929A0F001005CAE81 /* EssentialFeedTests.xctest */,
				6D2907622A409879008BEEDB /* EssentialFeedEndToEndTests.xctest */,
			);
			name = Products;
			sourceTree = "<group>";
		};
		6D4CA60329A0F001005CAE81 /* EssentialFeed */ = {
			isa = PBXGroup;
			children = (
				6DB830A52A45D92800BDC45B /* Feed Cache */,
				6D4CA62029A13EC4005CAE81 /* Feed API */,
				6D4CA61D29A0F559005CAE81 /* Feed Feature */,
			);
			path = EssentialFeed;
			sourceTree = "<group>";
		};
		6D4CA60D29A0F001005CAE81 /* EssentialFeedTests */ = {
			isa = PBXGroup;
			children = (
				6D660EA12A4048E100B4634B /* Helpers */,
				6D769AA82A42FCEC003F2D60 /* Feed Cache */,
				6DF1DFC329E0755100EE56C2 /* Feed API */,
			);
			path = EssentialFeedTests;
			sourceTree = "<group>";
		};
		6D4CA61D29A0F559005CAE81 /* Feed Feature */ = {
			isa = PBXGroup;
			children = (
				6D4CA61929A0F1BF005CAE81 /* FeedImage.swift */,
				6D4CA61B29A0F38E005CAE81 /* FeedLoader.swift */,
			);
			path = "Feed Feature";
			sourceTree = "<group>";
		};
		6D4CA62029A13EC4005CAE81 /* Feed API */ = {
			isa = PBXGroup;
			children = (
				6DF1DFBF29E06BB300EE56C2 /* HTTPClient.swift */,
				6D4CA62129A13EE1005CAE81 /* RemoteFeedLoader.swift */,
				6DF1DFC129E06C3600EE56C2 /* FeedItemsMapper.swift */,
				6D4639942A48864A007F0CE1 /* RemoteFeedItem.swift */,
				6D660EA42A406E9F00B4634B /* URLSessionHTTPClient.swift */,
			);
			path = "Feed API";
			sourceTree = "<group>";
		};
		6D660EA12A4048E100B4634B /* Helpers */ = {
			isa = PBXGroup;
			children = (
				6D660EA22A40491600B4634B /* XCTestCase+MemoryLeakTracking.swift */,
				6D9977BD2A4D8BA500F63DA3 /* SharedTestHelpers.swift */,
			);
			path = Helpers;
			sourceTree = "<group>";
		};
		6D769AA82A42FCEC003F2D60 /* Feed Cache */ = {
			isa = PBXGroup;
			children = (
				6D46399A2A489684007F0CE1 /* Helpers */,
				6D769AA92A42FD10003F2D60 /* CacheFeedUseCaseTests.swift */,
				6D4639982A48924A007F0CE1 /* LoadFeedFromCacheUseCaseTests.swift */,
				6D9977B92A4D862500F63DA3 /* ValidateFeedCacheUseCaseTests.swift */,
				6D9977C12A4DCECD00F63DA3 /* CodableFeedStoreTests.swift */,
				6D3717EA2A4EECD80091C299 /* FeedStoreSpecs.swift */,
			);
			path = "Feed Cache";
			sourceTree = "<group>";
		};
		6DB830A52A45D92800BDC45B /* Feed Cache */ = {
			isa = PBXGroup;
			children = (
				6DB830A62A45D93D00BDC45B /* LocalFeedLoader.swift */,
				6DB830A82A45D9D300BDC45B /* FeedStore.swift */,
				6D4639962A4886B9007F0CE1 /* LocalFeedImage.swift */,
				6D9977BF2A4D9B3900F63DA3 /* FeedCachePolicy.swift */,
				6D7ACCB02A4EDC2C002B3445 /* CodableFeedStore.swift */,
			);
			path = "Feed Cache";
			sourceTree = "<group>";
		};
		6DF1DFC329E0755100EE56C2 /* Feed API */ = {
			isa = PBXGroup;
			children = (
				6D4CA61E29A12EA5005CAE81 /* LoadFeedFromRemoteUseCaseTests.swift */,
				6DB82BA42A0576F30005EFA3 /* URLSessionHTTPClientTests.swift */,
			);
			path = "Feed API";
			sourceTree = "<group>";
		};
/* End PBXGroup section */

/* Begin PBXHeadersBuildPhase section */
		6D4CA5FC29A0F001005CAE81 /* Headers */ = {
			isa = PBXHeadersBuildPhase;
			buildActionMask = 2147483647;
			files = (
			);
			runOnlyForDeploymentPostprocessing = 0;
		};
/* End PBXHeadersBuildPhase section */

/* Begin PBXNativeTarget section */
		6D2907612A409879008BEEDB /* EssentialFeedEndToEndTests */ = {
			isa = PBXNativeTarget;
			buildConfigurationList = 6D29076B2A40987A008BEEDB /* Build configuration list for PBXNativeTarget "EssentialFeedEndToEndTests" */;
			buildPhases = (
				6D29075E2A409879008BEEDB /* Sources */,
				6D29075F2A409879008BEEDB /* Frameworks */,
				6D2907602A409879008BEEDB /* Resources */,
			);
			buildRules = (
			);
			dependencies = (
				6D2907682A40987A008BEEDB /* PBXTargetDependency */,
			);
			name = EssentialFeedEndToEndTests;
			productName = EssentialFeedEndToEndTests;
			productReference = 6D2907622A409879008BEEDB /* EssentialFeedEndToEndTests.xctest */;
			productType = "com.apple.product-type.bundle.unit-test";
		};
		6D4CA60029A0F001005CAE81 /* EssentialFeed */ = {
			isa = PBXNativeTarget;
			buildConfigurationList = 6D4CA61329A0F001005CAE81 /* Build configuration list for PBXNativeTarget "EssentialFeed" */;
			buildPhases = (
				6D4CA5FC29A0F001005CAE81 /* Headers */,
				6D4CA5FD29A0F001005CAE81 /* Sources */,
				6D4CA5FE29A0F001005CAE81 /* Frameworks */,
				6D4CA5FF29A0F001005CAE81 /* Resources */,
			);
			buildRules = (
			);
			dependencies = (
			);
			name = EssentialFeed;
			productName = EssentialFeed;
			productReference = 6D4CA60129A0F001005CAE81 /* EssentialFeed.framework */;
			productType = "com.apple.product-type.framework";
		};
		6D4CA60829A0F001005CAE81 /* EssentialFeedTests */ = {
			isa = PBXNativeTarget;
			buildConfigurationList = 6D4CA61629A0F001005CAE81 /* Build configuration list for PBXNativeTarget "EssentialFeedTests" */;
			buildPhases = (
				6D4CA60529A0F001005CAE81 /* Sources */,
				6D4CA60629A0F001005CAE81 /* Frameworks */,
				6D4CA60729A0F001005CAE81 /* Resources */,
			);
			buildRules = (
			);
			dependencies = (
				6D4CA60C29A0F001005CAE81 /* PBXTargetDependency */,
			);
			name = EssentialFeedTests;
			productName = EssentialFeedTests;
			productReference = 6D4CA60929A0F001005CAE81 /* EssentialFeedTests.xctest */;
			productType = "com.apple.product-type.bundle.unit-test";
		};
/* End PBXNativeTarget section */

/* Begin PBXProject section */
		6D4CA5F829A0F001005CAE81 /* Project object */ = {
			isa = PBXProject;
			attributes = {
				BuildIndependentTargetsInParallel = 1;
				LastSwiftUpdateCheck = 1500;
				LastUpgradeCheck = 1420;
				TargetAttributes = {
					6D2907612A409879008BEEDB = {
						CreatedOnToolsVersion = 15.0;
					};
					6D4CA60029A0F001005CAE81 = {
						CreatedOnToolsVersion = 14.2;
						LastSwiftMigration = 1420;
					};
					6D4CA60829A0F001005CAE81 = {
						CreatedOnToolsVersion = 14.2;
					};
				};
			};
			buildConfigurationList = 6D4CA5FB29A0F001005CAE81 /* Build configuration list for PBXProject "EssentialFeed" */;
			compatibilityVersion = "Xcode 14.0";
			developmentRegion = en;
			hasScannedForEncodings = 0;
			knownRegions = (
				en,
				Base,
			);
			mainGroup = 6D4CA5F729A0F001005CAE81;
			productRefGroup = 6D4CA60229A0F001005CAE81 /* Products */;
			projectDirPath = "";
			projectRoot = "";
			targets = (
				6D4CA60029A0F001005CAE81 /* EssentialFeed */,
				6D4CA60829A0F001005CAE81 /* EssentialFeedTests */,
				6D2907612A409879008BEEDB /* EssentialFeedEndToEndTests */,
			);
		};
/* End PBXProject section */

/* Begin PBXResourcesBuildPhase section */
		6D2907602A409879008BEEDB /* Resources */ = {
			isa = PBXResourcesBuildPhase;
			buildActionMask = 2147483647;
			files = (
			);
			runOnlyForDeploymentPostprocessing = 0;
		};
		6D4CA5FF29A0F001005CAE81 /* Resources */ = {
			isa = PBXResourcesBuildPhase;
			buildActionMask = 2147483647;
			files = (
			);
			runOnlyForDeploymentPostprocessing = 0;
		};
		6D4CA60729A0F001005CAE81 /* Resources */ = {
			isa = PBXResourcesBuildPhase;
			buildActionMask = 2147483647;
			files = (
			);
			runOnlyForDeploymentPostprocessing = 0;
		};
/* End PBXResourcesBuildPhase section */

/* Begin PBXSourcesBuildPhase section */
		6D29075E2A409879008BEEDB /* Sources */ = {
			isa = PBXSourcesBuildPhase;
			buildActionMask = 2147483647;
			files = (
				6D2907652A40987A008BEEDB /* EssentialFeedEndToEndTests.swift in Sources */,
				6D29076C2A40A6D1008BEEDB /* XCTestCase+MemoryLeakTracking.swift in Sources */,
			);
			runOnlyForDeploymentPostprocessing = 0;
		};
		6D4CA5FD29A0F001005CAE81 /* Sources */ = {
			isa = PBXSourcesBuildPhase;
			buildActionMask = 2147483647;
			files = (
				6DF1DFC229E06C3600EE56C2 /* FeedItemsMapper.swift in Sources */,
				6D4CA61C29A0F38E005CAE81 /* FeedLoader.swift in Sources */,
				6D4639952A48864A007F0CE1 /* RemoteFeedItem.swift in Sources */,
				6D9977C02A4D9B3900F63DA3 /* FeedCachePolicy.swift in Sources */,
				6D4CA62229A13EE1005CAE81 /* RemoteFeedLoader.swift in Sources */,
				6D4639972A4886B9007F0CE1 /* LocalFeedImage.swift in Sources */,
				6DB830A92A45D9D300BDC45B /* FeedStore.swift in Sources */,
				6DB830A72A45D93D00BDC45B /* LocalFeedLoader.swift in Sources */,
				6D7ACCB12A4EDC2C002B3445 /* CodableFeedStore.swift in Sources */,
				6DF1DFC029E06BB300EE56C2 /* HTTPClient.swift in Sources */,
				6D4CA61A29A0F1BF005CAE81 /* FeedImage.swift in Sources */,
				6D660EA52A406E9F00B4634B /* URLSessionHTTPClient.swift in Sources */,
			);
			runOnlyForDeploymentPostprocessing = 0;
		};
		6D4CA60529A0F001005CAE81 /* Sources */ = {
			isa = PBXSourcesBuildPhase;
			buildActionMask = 2147483647;
			files = (
				6D9977C22A4DCECD00F63DA3 /* CodableFeedStoreTests.swift in Sources */,
				6D9977BC2A4D8B0200F63DA3 /* FeedCacheTestHelpers.swift in Sources */,
				6D9977BA2A4D862500F63DA3 /* ValidateFeedCacheUseCaseTests.swift in Sources */,
				6D4CA61F29A12EA5005CAE81 /* LoadFeedFromRemoteUseCaseTests.swift in Sources */,
				6DB82BA52A0576F30005EFA3 /* URLSessionHTTPClientTests.swift in Sources */,
				6D46399C2A489696007F0CE1 /* FeedStoreSpy.swift in Sources */,
				6D9977BE2A4D8BA500F63DA3 /* SharedTestHelpers.swift in Sources */,
				6D769AAA2A42FD10003F2D60 /* CacheFeedUseCaseTests.swift in Sources */,
				6D4639992A48924A007F0CE1 /* LoadFeedFromCacheUseCaseTests.swift in Sources */,
				6D3717EB2A4EECD80091C299 /* FeedStoreSpecs.swift in Sources */,
				6D660EA32A40491600B4634B /* XCTestCase+MemoryLeakTracking.swift in Sources */,
			);
			runOnlyForDeploymentPostprocessing = 0;
		};
/* End PBXSourcesBuildPhase section */

/* Begin PBXTargetDependency section */
		6D2907682A40987A008BEEDB /* PBXTargetDependency */ = {
			isa = PBXTargetDependency;
			target = 6D4CA60029A0F001005CAE81 /* EssentialFeed */;
			targetProxy = 6D2907672A40987A008BEEDB /* PBXContainerItemProxy */;
		};
		6D4CA60C29A0F001005CAE81 /* PBXTargetDependency */ = {
			isa = PBXTargetDependency;
			target = 6D4CA60029A0F001005CAE81 /* EssentialFeed */;
			targetProxy = 6D4CA60B29A0F001005CAE81 /* PBXContainerItemProxy */;
		};
/* End PBXTargetDependency section */

/* Begin XCBuildConfiguration section */
		6D2907692A40987A008BEEDB /* Debug */ = {
			isa = XCBuildConfiguration;
			buildSettings = {
				ASSETCATALOG_COMPILER_GENERATE_SWIFT_ASSET_SYMBOL_EXTENSIONS = YES;
				CODE_SIGN_STYLE = Automatic;
				CURRENT_PROJECT_VERSION = 1;
				DEVELOPMENT_TEAM = Y7ZY3GWQ29;
				ENABLE_USER_SCRIPT_SANDBOXING = YES;
				GCC_C_LANGUAGE_STANDARD = gnu17;
				GENERATE_INFOPLIST_FILE = YES;
				LOCALIZATION_PREFERS_STRING_CATALOGS = YES;
				MACOSX_DEPLOYMENT_TARGET = 13.4;
				MARKETING_VERSION = 1.0;
				PRODUCT_BUNDLE_IDENTIFIER = com.danisot.EssentialFeedEndToEndTests;
				PRODUCT_NAME = "$(TARGET_NAME)";
				SWIFT_ACTIVE_COMPILATION_CONDITIONS = "DEBUG $(inherited)";
				SWIFT_EMIT_LOC_STRINGS = NO;
				SWIFT_VERSION = 5.0;
			};
			name = Debug;
		};
		6D29076A2A40987A008BEEDB /* Release */ = {
			isa = XCBuildConfiguration;
			buildSettings = {
				ASSETCATALOG_COMPILER_GENERATE_SWIFT_ASSET_SYMBOL_EXTENSIONS = YES;
				CODE_SIGN_STYLE = Automatic;
				CURRENT_PROJECT_VERSION = 1;
				DEVELOPMENT_TEAM = Y7ZY3GWQ29;
				ENABLE_USER_SCRIPT_SANDBOXING = YES;
				GCC_C_LANGUAGE_STANDARD = gnu17;
				GENERATE_INFOPLIST_FILE = YES;
				LOCALIZATION_PREFERS_STRING_CATALOGS = YES;
				MACOSX_DEPLOYMENT_TARGET = 13.4;
				MARKETING_VERSION = 1.0;
				PRODUCT_BUNDLE_IDENTIFIER = com.danisot.EssentialFeedEndToEndTests;
				PRODUCT_NAME = "$(TARGET_NAME)";
				SWIFT_EMIT_LOC_STRINGS = NO;
				SWIFT_VERSION = 5.0;
			};
			name = Release;
		};
		6D4CA61129A0F001005CAE81 /* Debug */ = {
			isa = XCBuildConfiguration;
			buildSettings = {
				ALWAYS_SEARCH_USER_PATHS = NO;
				CLANG_ANALYZER_NONNULL = YES;
				CLANG_ANALYZER_NUMBER_OBJECT_CONVERSION = YES_AGGRESSIVE;
				CLANG_CXX_LANGUAGE_STANDARD = "gnu++20";
				CLANG_ENABLE_MODULES = YES;
				CLANG_ENABLE_OBJC_ARC = YES;
				CLANG_ENABLE_OBJC_WEAK = YES;
				CLANG_WARN_BLOCK_CAPTURE_AUTORELEASING = YES;
				CLANG_WARN_BOOL_CONVERSION = YES;
				CLANG_WARN_COMMA = YES;
				CLANG_WARN_CONSTANT_CONVERSION = YES;
				CLANG_WARN_DEPRECATED_OBJC_IMPLEMENTATIONS = YES;
				CLANG_WARN_DIRECT_OBJC_ISA_USAGE = YES_ERROR;
				CLANG_WARN_DOCUMENTATION_COMMENTS = YES;
				CLANG_WARN_EMPTY_BODY = YES;
				CLANG_WARN_ENUM_CONVERSION = YES;
				CLANG_WARN_INFINITE_RECURSION = YES;
				CLANG_WARN_INT_CONVERSION = YES;
				CLANG_WARN_NON_LITERAL_NULL_CONVERSION = YES;
				CLANG_WARN_OBJC_IMPLICIT_RETAIN_SELF = YES;
				CLANG_WARN_OBJC_LITERAL_CONVERSION = YES;
				CLANG_WARN_OBJC_ROOT_CLASS = YES_ERROR;
				CLANG_WARN_QUOTED_INCLUDE_IN_FRAMEWORK_HEADER = YES;
				CLANG_WARN_RANGE_LOOP_ANALYSIS = YES;
				CLANG_WARN_STRICT_PROTOTYPES = YES;
				CLANG_WARN_SUSPICIOUS_MOVE = YES;
				CLANG_WARN_UNGUARDED_AVAILABILITY = YES_AGGRESSIVE;
				CLANG_WARN_UNREACHABLE_CODE = YES;
				CLANG_WARN__DUPLICATE_METHOD_MATCH = YES;
				COPY_PHASE_STRIP = NO;
				CURRENT_PROJECT_VERSION = 1;
				DEBUG_INFORMATION_FORMAT = dwarf;
				ENABLE_STRICT_OBJC_MSGSEND = YES;
				ENABLE_TESTABILITY = YES;
				GCC_C_LANGUAGE_STANDARD = gnu11;
				GCC_DYNAMIC_NO_PIC = NO;
				GCC_NO_COMMON_BLOCKS = YES;
				GCC_OPTIMIZATION_LEVEL = 0;
				GCC_PREPROCESSOR_DEFINITIONS = (
					"DEBUG=1",
					"$(inherited)",
				);
				GCC_WARN_64_TO_32_BIT_CONVERSION = YES;
				GCC_WARN_ABOUT_RETURN_TYPE = YES_ERROR;
				GCC_WARN_UNDECLARED_SELECTOR = YES;
				GCC_WARN_UNINITIALIZED_AUTOS = YES_AGGRESSIVE;
				GCC_WARN_UNUSED_FUNCTION = YES;
				GCC_WARN_UNUSED_VARIABLE = YES;
				MACOSX_DEPLOYMENT_TARGET = 13.0;
				MTL_ENABLE_DEBUG_INFO = INCLUDE_SOURCE;
				MTL_FAST_MATH = YES;
				ONLY_ACTIVE_ARCH = YES;
				SDKROOT = macosx;
				SWIFT_ACTIVE_COMPILATION_CONDITIONS = DEBUG;
				SWIFT_OPTIMIZATION_LEVEL = "-Onone";
				VERSIONING_SYSTEM = "apple-generic";
				VERSION_INFO_PREFIX = "";
			};
			name = Debug;
		};
		6D4CA61229A0F001005CAE81 /* Release */ = {
			isa = XCBuildConfiguration;
			buildSettings = {
				ALWAYS_SEARCH_USER_PATHS = NO;
				CLANG_ANALYZER_NONNULL = YES;
				CLANG_ANALYZER_NUMBER_OBJECT_CONVERSION = YES_AGGRESSIVE;
				CLANG_CXX_LANGUAGE_STANDARD = "gnu++20";
				CLANG_ENABLE_MODULES = YES;
				CLANG_ENABLE_OBJC_ARC = YES;
				CLANG_ENABLE_OBJC_WEAK = YES;
				CLANG_WARN_BLOCK_CAPTURE_AUTORELEASING = YES;
				CLANG_WARN_BOOL_CONVERSION = YES;
				CLANG_WARN_COMMA = YES;
				CLANG_WARN_CONSTANT_CONVERSION = YES;
				CLANG_WARN_DEPRECATED_OBJC_IMPLEMENTATIONS = YES;
				CLANG_WARN_DIRECT_OBJC_ISA_USAGE = YES_ERROR;
				CLANG_WARN_DOCUMENTATION_COMMENTS = YES;
				CLANG_WARN_EMPTY_BODY = YES;
				CLANG_WARN_ENUM_CONVERSION = YES;
				CLANG_WARN_INFINITE_RECURSION = YES;
				CLANG_WARN_INT_CONVERSION = YES;
				CLANG_WARN_NON_LITERAL_NULL_CONVERSION = YES;
				CLANG_WARN_OBJC_IMPLICIT_RETAIN_SELF = YES;
				CLANG_WARN_OBJC_LITERAL_CONVERSION = YES;
				CLANG_WARN_OBJC_ROOT_CLASS = YES_ERROR;
				CLANG_WARN_QUOTED_INCLUDE_IN_FRAMEWORK_HEADER = YES;
				CLANG_WARN_RANGE_LOOP_ANALYSIS = YES;
				CLANG_WARN_STRICT_PROTOTYPES = YES;
				CLANG_WARN_SUSPICIOUS_MOVE = YES;
				CLANG_WARN_UNGUARDED_AVAILABILITY = YES_AGGRESSIVE;
				CLANG_WARN_UNREACHABLE_CODE = YES;
				CLANG_WARN__DUPLICATE_METHOD_MATCH = YES;
				COPY_PHASE_STRIP = NO;
				CURRENT_PROJECT_VERSION = 1;
				DEBUG_INFORMATION_FORMAT = "dwarf-with-dsym";
				ENABLE_NS_ASSERTIONS = NO;
				ENABLE_STRICT_OBJC_MSGSEND = YES;
				GCC_C_LANGUAGE_STANDARD = gnu11;
				GCC_NO_COMMON_BLOCKS = YES;
				GCC_WARN_64_TO_32_BIT_CONVERSION = YES;
				GCC_WARN_ABOUT_RETURN_TYPE = YES_ERROR;
				GCC_WARN_UNDECLARED_SELECTOR = YES;
				GCC_WARN_UNINITIALIZED_AUTOS = YES_AGGRESSIVE;
				GCC_WARN_UNUSED_FUNCTION = YES;
				GCC_WARN_UNUSED_VARIABLE = YES;
				MACOSX_DEPLOYMENT_TARGET = 13.0;
				MTL_ENABLE_DEBUG_INFO = NO;
				MTL_FAST_MATH = YES;
				SDKROOT = macosx;
				SWIFT_COMPILATION_MODE = wholemodule;
				SWIFT_OPTIMIZATION_LEVEL = "-O";
				VERSIONING_SYSTEM = "apple-generic";
				VERSION_INFO_PREFIX = "";
			};
			name = Release;
		};
		6D4CA61429A0F001005CAE81 /* Debug */ = {
			isa = XCBuildConfiguration;
			buildSettings = {
				CLANG_ENABLE_MODULES = YES;
				CODE_SIGN_STYLE = Automatic;
				COMBINE_HIDPI_IMAGES = YES;
				CURRENT_PROJECT_VERSION = 1;
				DEFINES_MODULE = YES;
				DEVELOPMENT_TEAM = Y7ZY3GWQ29;
				DYLIB_COMPATIBILITY_VERSION = 1;
				DYLIB_CURRENT_VERSION = 1;
				DYLIB_INSTALL_NAME_BASE = "@rpath";
				GENERATE_INFOPLIST_FILE = YES;
				INFOPLIST_KEY_NSHumanReadableCopyright = "";
				INSTALL_PATH = "$(LOCAL_LIBRARY_DIR)/Frameworks";
				LD_RUNPATH_SEARCH_PATHS = (
					"$(inherited)",
					"@executable_path/../Frameworks",
					"@loader_path/Frameworks",
				);
				MARKETING_VERSION = 1.0;
				PRODUCT_BUNDLE_IDENTIFIER = com.danisot.EssentialFeed;
				PRODUCT_NAME = "$(TARGET_NAME:c99extidentifier)";
				SKIP_INSTALL = YES;
				SWIFT_EMIT_LOC_STRINGS = YES;
				SWIFT_OPTIMIZATION_LEVEL = "-Onone";
				SWIFT_VERSION = 5.0;
			};
			name = Debug;
		};
		6D4CA61529A0F001005CAE81 /* Release */ = {
			isa = XCBuildConfiguration;
			buildSettings = {
				CLANG_ENABLE_MODULES = YES;
				CODE_SIGN_STYLE = Automatic;
				COMBINE_HIDPI_IMAGES = YES;
				CURRENT_PROJECT_VERSION = 1;
				DEFINES_MODULE = YES;
				DEVELOPMENT_TEAM = Y7ZY3GWQ29;
				DYLIB_COMPATIBILITY_VERSION = 1;
				DYLIB_CURRENT_VERSION = 1;
				DYLIB_INSTALL_NAME_BASE = "@rpath";
				GENERATE_INFOPLIST_FILE = YES;
				INFOPLIST_KEY_NSHumanReadableCopyright = "";
				INSTALL_PATH = "$(LOCAL_LIBRARY_DIR)/Frameworks";
				LD_RUNPATH_SEARCH_PATHS = (
					"$(inherited)",
					"@executable_path/../Frameworks",
					"@loader_path/Frameworks",
				);
				MARKETING_VERSION = 1.0;
				PRODUCT_BUNDLE_IDENTIFIER = com.danisot.EssentialFeed;
				PRODUCT_NAME = "$(TARGET_NAME:c99extidentifier)";
				SKIP_INSTALL = YES;
				SWIFT_EMIT_LOC_STRINGS = YES;
				SWIFT_VERSION = 5.0;
			};
			name = Release;
		};
		6D4CA61729A0F001005CAE81 /* Debug */ = {
			isa = XCBuildConfiguration;
			buildSettings = {
				ALWAYS_EMBED_SWIFT_STANDARD_LIBRARIES = YES;
				CODE_SIGN_STYLE = Automatic;
				CURRENT_PROJECT_VERSION = 1;
				DEVELOPMENT_TEAM = Y7ZY3GWQ29;
				GENERATE_INFOPLIST_FILE = YES;
				MARKETING_VERSION = 1.0;
				PRODUCT_BUNDLE_IDENTIFIER = com.danisot.EssentialFeedTests;
				PRODUCT_NAME = "$(TARGET_NAME)";
				SWIFT_EMIT_LOC_STRINGS = NO;
				SWIFT_VERSION = 5.0;
			};
			name = Debug;
		};
		6D4CA61829A0F001005CAE81 /* Release */ = {
			isa = XCBuildConfiguration;
			buildSettings = {
				ALWAYS_EMBED_SWIFT_STANDARD_LIBRARIES = YES;
				CODE_SIGN_STYLE = Automatic;
				CURRENT_PROJECT_VERSION = 1;
				DEVELOPMENT_TEAM = Y7ZY3GWQ29;
				GENERATE_INFOPLIST_FILE = YES;
				MARKETING_VERSION = 1.0;
				PRODUCT_BUNDLE_IDENTIFIER = com.danisot.EssentialFeedTests;
				PRODUCT_NAME = "$(TARGET_NAME)";
				SWIFT_EMIT_LOC_STRINGS = NO;
				SWIFT_VERSION = 5.0;
			};
			name = Release;
		};
/* End XCBuildConfiguration section */

/* Begin XCConfigurationList section */
		6D29076B2A40987A008BEEDB /* Build configuration list for PBXNativeTarget "EssentialFeedEndToEndTests" */ = {
			isa = XCConfigurationList;
			buildConfigurations = (
				6D2907692A40987A008BEEDB /* Debug */,
				6D29076A2A40987A008BEEDB /* Release */,
			);
			defaultConfigurationIsVisible = 0;
			defaultConfigurationName = Release;
		};
		6D4CA5FB29A0F001005CAE81 /* Build configuration list for PBXProject "EssentialFeed" */ = {
			isa = XCConfigurationList;
			buildConfigurations = (
				6D4CA61129A0F001005CAE81 /* Debug */,
				6D4CA61229A0F001005CAE81 /* Release */,
			);
			defaultConfigurationIsVisible = 0;
			defaultConfigurationName = Release;
		};
		6D4CA61329A0F001005CAE81 /* Build configuration list for PBXNativeTarget "EssentialFeed" */ = {
			isa = XCConfigurationList;
			buildConfigurations = (
				6D4CA61429A0F001005CAE81 /* Debug */,
				6D4CA61529A0F001005CAE81 /* Release */,
			);
			defaultConfigurationIsVisible = 0;
			defaultConfigurationName = Release;
		};
		6D4CA61629A0F001005CAE81 /* Build configuration list for PBXNativeTarget "EssentialFeedTests" */ = {
			isa = XCConfigurationList;
			buildConfigurations = (
				6D4CA61729A0F001005CAE81 /* Debug */,
				6D4CA61829A0F001005CAE81 /* Release */,
			);
			defaultConfigurationIsVisible = 0;
			defaultConfigurationName = Release;
		};
/* End XCConfigurationList section */
	};
	rootObject = 6D4CA5F829A0F001005CAE81 /* Project object */;
}
